// !$*UTF8*$!
{
	archiveVersion = 1;
	classes = {
	};
	objectVersion = 51;
	objects = {

/* Begin PBXBuildFile section */
		9E01A2A6248E75840044AD7F /* RepeatTVC.swift in Sources */ = {isa = PBXBuildFile; fileRef = 9E01A2A5248E75840044AD7F /* RepeatTVC.swift */; };
		9E0538AC247C0EE500AAC0AA /* UIColor+Additions.swift in Sources */ = {isa = PBXBuildFile; fileRef = 9E0538AB247C0EE500AAC0AA /* UIColor+Additions.swift */; };
		9E0538AE247C0F7100AAC0AA /* Students.storyboard in Resources */ = {isa = PBXBuildFile; fileRef = 9E0538AD247C0F7100AAC0AA /* Students.storyboard */; };
		9E0538B7247C1A8800AAC0AA /* Statistic.storyboard in Resources */ = {isa = PBXBuildFile; fileRef = 9E0538B6247C1A8800AAC0AA /* Statistic.storyboard */; };
		9E0538B9247C1A9E00AAC0AA /* Finance.storyboard in Resources */ = {isa = PBXBuildFile; fileRef = 9E0538B8247C1A9E00AAC0AA /* Finance.storyboard */; };
		9E0538C0247C1BD100AAC0AA /* Profile.storyboard in Resources */ = {isa = PBXBuildFile; fileRef = 9E0538BF247C1BD100AAC0AA /* Profile.storyboard */; };
		9E0538C2247C224A00AAC0AA /* Calendar.storyboard in Resources */ = {isa = PBXBuildFile; fileRef = 9E0538C1247C224A00AAC0AA /* Calendar.storyboard */; };
		9E0A5E18244ED4AD00188CDE /* StartScreenVC.swift in Sources */ = {isa = PBXBuildFile; fileRef = 9E0A5E17244ED4AD00188CDE /* StartScreenVC.swift */; };
		9E0A5E20244F26CE00188CDE /* StudentsListTVC.swift in Sources */ = {isa = PBXBuildFile; fileRef = 9E0A5E1F244F26CE00188CDE /* StudentsListTVC.swift */; };
		9E0A5E25244F271F00188CDE /* StatisticTVC.swift in Sources */ = {isa = PBXBuildFile; fileRef = 9E0A5E24244F271F00188CDE /* StatisticTVC.swift */; };
		9E0A5E27244F272F00188CDE /* FinanceVC.swift in Sources */ = {isa = PBXBuildFile; fileRef = 9E0A5E26244F272F00188CDE /* FinanceVC.swift */; };
		9E0A5E29244F39C000188CDE /* ColorsConfig.swift in Sources */ = {isa = PBXBuildFile; fileRef = 9E0A5E28244F39C000188CDE /* ColorsConfig.swift */; };
		9E0A5E2B244F3FC200188CDE /* ProfileVC.swift in Sources */ = {isa = PBXBuildFile; fileRef = 9E0A5E2A244F3FC200188CDE /* ProfileVC.swift */; };
		9E0A5E2E244F410900188CDE /* StudentModel.swift in Sources */ = {isa = PBXBuildFile; fileRef = 9E0A5E2D244F410900188CDE /* StudentModel.swift */; };
		9E0A5E30244F411400188CDE /* NotificationModel.swift in Sources */ = {isa = PBXBuildFile; fileRef = 9E0A5E2F244F411400188CDE /* NotificationModel.swift */; };
		9E1B30A6249A32BB00166117 /* Notifications.swift in Sources */ = {isa = PBXBuildFile; fileRef = 9E1B30A5249A32BB00166117 /* Notifications.swift */; };
		9E1B30A8249A4C5800166117 /* ServerAnsverModel.swift in Sources */ = {isa = PBXBuildFile; fileRef = 9E1B30A7249A4C5800166117 /* ServerAnsverModel.swift */; };
		9E3570D82488DF6D00F8F997 /* CalendarEndPoint.swift in Sources */ = {isa = PBXBuildFile; fileRef = 9E3570D72488DF6D00F8F997 /* CalendarEndPoint.swift */; };
		9E3570DA2488DFC400F8F997 /* NetworkManagerCalendar.swift in Sources */ = {isa = PBXBuildFile; fileRef = 9E3570D92488DFC400F8F997 /* NetworkManagerCalendar.swift */; };
		9E374A9B24922FA30082A119 /* DisciplinesForLessonTVC.swift in Sources */ = {isa = PBXBuildFile; fileRef = 9E374A9A24922FA20082A119 /* DisciplinesForLessonTVC.swift */; };
		9E374A9D249241CF0082A119 /* DisciplineLessonTVCell.swift in Sources */ = {isa = PBXBuildFile; fileRef = 9E374A9C249241CF0082A119 /* DisciplineLessonTVCell.swift */; };
		9E374A9F2492896B0082A119 /* StudentsForLessonTVC.swift in Sources */ = {isa = PBXBuildFile; fileRef = 9E374A9E2492896B0082A119 /* StudentsForLessonTVC.swift */; };
		9E374AA1249299410082A119 /* StudentsForLessonTVCell.swift in Sources */ = {isa = PBXBuildFile; fileRef = 9E374AA0249299410082A119 /* StudentsForLessonTVCell.swift */; };
		9E5BD563246EE9D500EB4F53 /* CheckEmailPassword.swift in Sources */ = {isa = PBXBuildFile; fileRef = 9E5BD562246EE9D500EB4F53 /* CheckEmailPassword.swift */; };
		9E5C05E7246D8BCE00EADD5C /* ServerAnswer.swift in Sources */ = {isa = PBXBuildFile; fileRef = 9E5C05E6246D8BCE00EADD5C /* ServerAnswer.swift */; };
		9E5C05E9246D930700EADD5C /* LoginEndPoint.swift in Sources */ = {isa = PBXBuildFile; fileRef = 9E5C05E8246D930700EADD5C /* LoginEndPoint.swift */; };
		9E5C05EB246D971400EADD5C /* NetworkManagerLogin.swift in Sources */ = {isa = PBXBuildFile; fileRef = 9E5C05EA246D971400EADD5C /* NetworkManagerLogin.swift */; };
		9E5E8CDA24A23FE9006E4751 /* CalendarNavController.swift in Sources */ = {isa = PBXBuildFile; fileRef = 9E5E8CD924A23FE9006E4751 /* CalendarNavController.swift */; };
		9E631937244F4781007DE5F1 /* MeetingCell.swift in Sources */ = {isa = PBXBuildFile; fileRef = 9E631936244F4781007DE5F1 /* MeetingCell.swift */; };
		9E631939244F50B4007DE5F1 /* AddOrEditLessonTVC.swift in Sources */ = {isa = PBXBuildFile; fileRef = 9E631938244F50B4007DE5F1 /* AddOrEditLessonTVC.swift */; };
		9E63193A244F6101007DE5F1 /* Main.storyboard in Resources */ = {isa = PBXBuildFile; fileRef = 9E7A73B4244D92AB00FA529B /* Main.storyboard */; };
		9E6B56A8248B945C00042E2B /* StringExtention.swift in Sources */ = {isa = PBXBuildFile; fileRef = 9E6B56A7248B945C00042E2B /* StringExtention.swift */; };
		9E6B56AA248B987E00042E2B /* DateExtentions.swift in Sources */ = {isa = PBXBuildFile; fileRef = 9E6B56A9248B987E00042E2B /* DateExtentions.swift */; };
		9E7A73AF244D92AB00FA529B /* AppDelegate.swift in Sources */ = {isa = PBXBuildFile; fileRef = 9E7A73AE244D92AB00FA529B /* AppDelegate.swift */; };
		9E7A73B3244D92AB00FA529B /* CalendarVC.swift in Sources */ = {isa = PBXBuildFile; fileRef = 9E7A73B2244D92AB00FA529B /* CalendarVC.swift */; };
		9E7A73B8244D92AC00FA529B /* Assets.xcassets in Resources */ = {isa = PBXBuildFile; fileRef = 9E7A73B7244D92AC00FA529B /* Assets.xcassets */; };
		9E7A73BB244D92AC00FA529B /* LaunchScreen.storyboard in Resources */ = {isa = PBXBuildFile; fileRef = 9E7A73B9244D92AC00FA529B /* LaunchScreen.storyboard */; };
		9E7C1348247D45EE0095C57E /* UIImage Extentions.swift in Sources */ = {isa = PBXBuildFile; fileRef = 9E7C1347247D45EE0095C57E /* UIImage Extentions.swift */; };
		9E7C134A247D47A70095C57E /* StudentProfileTVC.swift in Sources */ = {isa = PBXBuildFile; fileRef = 9E7C1349247D47A70095C57E /* StudentProfileTVC.swift */; };
		9E80D0A62453268300FECAF7 /* LessonModel.swift in Sources */ = {isa = PBXBuildFile; fileRef = 9E80D0A52453268300FECAF7 /* LessonModel.swift */; };
		9E80D0AC24533A9C00FECAF7 /* DayTVCell.swift in Sources */ = {isa = PBXBuildFile; fileRef = 9E80D0AB24533A9C00FECAF7 /* DayTVCell.swift */; };
		9E80D0CE245470DA00FECAF7 /* DetaledDayService.swift in Sources */ = {isa = PBXBuildFile; fileRef = 9E80D0CD245470DA00FECAF7 /* DetaledDayService.swift */; };
		9E862343248BBDBF0004B3FD /* UIVewControllerExtention.swift in Sources */ = {isa = PBXBuildFile; fileRef = 9E862342248BBDBF0004B3FD /* UIVewControllerExtention.swift */; };
		9E86E9162493784A00FD63AA /* NotificationTVC.swift in Sources */ = {isa = PBXBuildFile; fileRef = 9E86E9152493784A00FD63AA /* NotificationTVC.swift */; };
		9E86E9182493789600FD63AA /* NotificationTVCell.swift in Sources */ = {isa = PBXBuildFile; fileRef = 9E86E9172493789600FD63AA /* NotificationTVCell.swift */; };
		9E8C5F0B2494DBCF00332B61 /* LessonDetailedTVC.swift in Sources */ = {isa = PBXBuildFile; fileRef = 9E8C5F0A2494DBCF00332B61 /* LessonDetailedTVC.swift */; };
		9E8C5F0D2494DE1000332B61 /* PaymentTVC.swift in Sources */ = {isa = PBXBuildFile; fileRef = 9E8C5F0C2494DE1000332B61 /* PaymentTVC.swift */; };
		9E8DDB332451E384003EC688 /* AddOrEditStudentTVC.swift in Sources */ = {isa = PBXBuildFile; fileRef = 9E8DDB322451E384003EC688 /* AddOrEditStudentTVC.swift */; };
		9E8FC977244E1B6500DA0D0C /* RegisterVC.swift in Sources */ = {isa = PBXBuildFile; fileRef = 9E8FC976244E1B6500DA0D0C /* RegisterVC.swift */; };
		9E92C00124815455000B45A5 /* DisciplinesTVCell.swift in Sources */ = {isa = PBXBuildFile; fileRef = 9E92C00024815455000B45A5 /* DisciplinesTVCell.swift */; };
		9EA67387247EEDC7001B91A1 /* DisciplinesCollectionViewCell.swift in Sources */ = {isa = PBXBuildFile; fileRef = 9EA67386247EEDC7001B91A1 /* DisciplinesCollectionViewCell.swift */; };
		9EB0356D249AAD0100F22C57 /* StatisticEndPoint.swift in Sources */ = {isa = PBXBuildFile; fileRef = 9EB0356C249AAD0100F22C57 /* StatisticEndPoint.swift */; };
		9EB0356F249AAD0F00F22C57 /* FinaceEndPoint.swift in Sources */ = {isa = PBXBuildFile; fileRef = 9EB0356E249AAD0F00F22C57 /* FinaceEndPoint.swift */; };
		9EB03571249AAD2E00F22C57 /* NetworkManagerStatistic.swift in Sources */ = {isa = PBXBuildFile; fileRef = 9EB03570249AAD2E00F22C57 /* NetworkManagerStatistic.swift */; };
		9EB03573249AAD3F00F22C57 /* NetworkManagerFinance.swift in Sources */ = {isa = PBXBuildFile; fileRef = 9EB03572249AAD3F00F22C57 /* NetworkManagerFinance.swift */; };
		9EB03577249B6DDC00F22C57 /* StudentsNavController.swift in Sources */ = {isa = PBXBuildFile; fileRef = 9EB03576249B6DDC00F22C57 /* StudentsNavController.swift */; };
		9EC155A2246D628000D2C776 /* StudentsEndPoint.swift in Sources */ = {isa = PBXBuildFile; fileRef = 9EC155A1246D628000D2C776 /* StudentsEndPoint.swift */; };
		9EC155A8246D633500D2C776 /* NetworkManagerStudents.swift in Sources */ = {isa = PBXBuildFile; fileRef = 9EC155A7246D633500D2C776 /* NetworkManagerStudents.swift */; };
		9EC155AA246D635500D2C776 /* EndPointType.swift in Sources */ = {isa = PBXBuildFile; fileRef = 9EC155A9246D635500D2C776 /* EndPointType.swift */; };
		9EC155AC246D636700D2C776 /* Router.swift in Sources */ = {isa = PBXBuildFile; fileRef = 9EC155AB246D636700D2C776 /* Router.swift */; };
		9EC155AE246D637900D2C776 /* HTTPMethod.swift in Sources */ = {isa = PBXBuildFile; fileRef = 9EC155AD246D637900D2C776 /* HTTPMethod.swift */; };
		9EC155B0246D638800D2C776 /* HTTPTask.swift in Sources */ = {isa = PBXBuildFile; fileRef = 9EC155AF246D638800D2C776 /* HTTPTask.swift */; };
		9EC155B2246D639600D2C776 /* NetworkLogger.swift in Sources */ = {isa = PBXBuildFile; fileRef = 9EC155B1246D639600D2C776 /* NetworkLogger.swift */; };
		9EC155B4246D63AA00D2C776 /* ParameterEncoding.swift in Sources */ = {isa = PBXBuildFile; fileRef = 9EC155B3246D63AA00D2C776 /* ParameterEncoding.swift */; };
		9EC155B6246D63C300D2C776 /* URLParameterEncoding.swift in Sources */ = {isa = PBXBuildFile; fileRef = 9EC155B5246D63C300D2C776 /* URLParameterEncoding.swift */; };
		9EC155B8246D63D200D2C776 /* JSONParameterEncoder.swift in Sources */ = {isa = PBXBuildFile; fileRef = 9EC155B7246D63D200D2C776 /* JSONParameterEncoder.swift */; };
		9EC155BA246D642B00D2C776 /* AlertService.swift in Sources */ = {isa = PBXBuildFile; fileRef = 9EC155B9246D642B00D2C776 /* AlertService.swift */; };
		9EC155BC246D6B2C00D2C776 /* StudentsTVCell.swift in Sources */ = {isa = PBXBuildFile; fileRef = 9EC155BB246D6B2C00D2C776 /* StudentsTVCell.swift */; };
		9ECECBEC248042740053AC78 /* DisciplinesTVC.swift in Sources */ = {isa = PBXBuildFile; fileRef = 9ECECBEB248042740053AC78 /* DisciplinesTVC.swift */; };
		9ECECBEF248103E60053AC78 /* DisciplinesList.swift in Sources */ = {isa = PBXBuildFile; fileRef = 9ECECBEE248103E60053AC78 /* DisciplinesList.swift */; };
		9ED2EAC9247D5720001E3767 /* TF Extention.swift in Sources */ = {isa = PBXBuildFile; fileRef = 9ED2EAC8247D5720001E3767 /* TF Extention.swift */; };
		9EE848AD2486924B008BABB3 /* TabBarConroller.swift in Sources */ = {isa = PBXBuildFile; fileRef = 9EE848AC2486924B008BABB3 /* TabBarConroller.swift */; };
		9EF22897247A67C100C1AE56 /* StartScreen.xib in Resources */ = {isa = PBXBuildFile; fileRef = 9EF22896247A67C100C1AE56 /* StartScreen.xib */; };
		9EF22899247A681200C1AE56 /* StartScreen.swift in Sources */ = {isa = PBXBuildFile; fileRef = 9EF22898247A681200C1AE56 /* StartScreen.swift */; };
		9EF2289B247A72A300C1AE56 /* LoginStoryboard.storyboard in Resources */ = {isa = PBXBuildFile; fileRef = 9EF2289A247A72A300C1AE56 /* LoginStoryboard.storyboard */; };
		9EFD254B247143C700876D48 /* LoginVC.swift in Sources */ = {isa = PBXBuildFile; fileRef = 9EFD254A247143C700876D48 /* LoginVC.swift */; };
		A59A3B1226E64E19C5930E69 /* Pods_Calendar_demo.framework in Frameworks */ = {isa = PBXBuildFile; fileRef = A08140AA01619AD5BB5287FF /* Pods_Calendar_demo.framework */; };
/* End PBXBuildFile section */

/* Begin PBXFileReference section */
		136BBEDCF1AAC5F1CFAEFD34 /* Pods-Calendar demo.release.xcconfig */ = {isa = PBXFileReference; includeInIndex = 1; lastKnownFileType = text.xcconfig; name = "Pods-Calendar demo.release.xcconfig"; path = "Target Support Files/Pods-Calendar demo/Pods-Calendar demo.release.xcconfig"; sourceTree = "<group>"; };
		1FAFD638F4A42CFBE6FF146F /* Pods-Calendar demo.debug.xcconfig */ = {isa = PBXFileReference; includeInIndex = 1; lastKnownFileType = text.xcconfig; name = "Pods-Calendar demo.debug.xcconfig"; path = "Target Support Files/Pods-Calendar demo/Pods-Calendar demo.debug.xcconfig"; sourceTree = "<group>"; };
		9E01A2A5248E75840044AD7F /* RepeatTVC.swift */ = {isa = PBXFileReference; lastKnownFileType = sourcecode.swift; path = RepeatTVC.swift; sourceTree = "<group>"; };
		9E0538AB247C0EE500AAC0AA /* UIColor+Additions.swift */ = {isa = PBXFileReference; lastKnownFileType = sourcecode.swift; path = "UIColor+Additions.swift"; sourceTree = "<group>"; };
		9E0538AD247C0F7100AAC0AA /* Students.storyboard */ = {isa = PBXFileReference; lastKnownFileType = file.storyboard; path = Students.storyboard; sourceTree = "<group>"; };
		9E0538B6247C1A8800AAC0AA /* Statistic.storyboard */ = {isa = PBXFileReference; lastKnownFileType = file.storyboard; path = Statistic.storyboard; sourceTree = "<group>"; };
		9E0538B8247C1A9E00AAC0AA /* Finance.storyboard */ = {isa = PBXFileReference; lastKnownFileType = file.storyboard; path = Finance.storyboard; sourceTree = "<group>"; };
		9E0538BF247C1BD100AAC0AA /* Profile.storyboard */ = {isa = PBXFileReference; lastKnownFileType = file.storyboard; path = Profile.storyboard; sourceTree = "<group>"; };
		9E0538C1247C224A00AAC0AA /* Calendar.storyboard */ = {isa = PBXFileReference; lastKnownFileType = file.storyboard; path = Calendar.storyboard; sourceTree = "<group>"; };
		9E0A5E17244ED4AD00188CDE /* StartScreenVC.swift */ = {isa = PBXFileReference; lastKnownFileType = sourcecode.swift; path = StartScreenVC.swift; sourceTree = "<group>"; };
		9E0A5E1F244F26CE00188CDE /* StudentsListTVC.swift */ = {isa = PBXFileReference; lastKnownFileType = sourcecode.swift; path = StudentsListTVC.swift; sourceTree = "<group>"; };
		9E0A5E24244F271F00188CDE /* StatisticTVC.swift */ = {isa = PBXFileReference; lastKnownFileType = sourcecode.swift; path = StatisticTVC.swift; sourceTree = "<group>"; };
		9E0A5E26244F272F00188CDE /* FinanceVC.swift */ = {isa = PBXFileReference; lastKnownFileType = sourcecode.swift; path = FinanceVC.swift; sourceTree = "<group>"; };
		9E0A5E28244F39C000188CDE /* ColorsConfig.swift */ = {isa = PBXFileReference; lastKnownFileType = sourcecode.swift; path = ColorsConfig.swift; sourceTree = "<group>"; };
		9E0A5E2A244F3FC200188CDE /* ProfileVC.swift */ = {isa = PBXFileReference; lastKnownFileType = sourcecode.swift; path = ProfileVC.swift; sourceTree = "<group>"; };
		9E0A5E2D244F410900188CDE /* StudentModel.swift */ = {isa = PBXFileReference; lastKnownFileType = sourcecode.swift; path = StudentModel.swift; sourceTree = "<group>"; };
		9E0A5E2F244F411400188CDE /* NotificationModel.swift */ = {isa = PBXFileReference; lastKnownFileType = sourcecode.swift; path = NotificationModel.swift; sourceTree = "<group>"; };
		9E1B30A5249A32BB00166117 /* Notifications.swift */ = {isa = PBXFileReference; lastKnownFileType = sourcecode.swift; path = Notifications.swift; sourceTree = "<group>"; };
		9E1B30A7249A4C5800166117 /* ServerAnsverModel.swift */ = {isa = PBXFileReference; lastKnownFileType = sourcecode.swift; path = ServerAnsverModel.swift; sourceTree = "<group>"; };
		9E3570D72488DF6D00F8F997 /* CalendarEndPoint.swift */ = {isa = PBXFileReference; lastKnownFileType = sourcecode.swift; path = CalendarEndPoint.swift; sourceTree = "<group>"; };
		9E3570D92488DFC400F8F997 /* NetworkManagerCalendar.swift */ = {isa = PBXFileReference; lastKnownFileType = sourcecode.swift; path = NetworkManagerCalendar.swift; sourceTree = "<group>"; };
		9E374A9A24922FA20082A119 /* DisciplinesForLessonTVC.swift */ = {isa = PBXFileReference; lastKnownFileType = sourcecode.swift; path = DisciplinesForLessonTVC.swift; sourceTree = "<group>"; };
		9E374A9C249241CF0082A119 /* DisciplineLessonTVCell.swift */ = {isa = PBXFileReference; lastKnownFileType = sourcecode.swift; path = DisciplineLessonTVCell.swift; sourceTree = "<group>"; };
		9E374A9E2492896B0082A119 /* StudentsForLessonTVC.swift */ = {isa = PBXFileReference; lastKnownFileType = sourcecode.swift; path = StudentsForLessonTVC.swift; sourceTree = "<group>"; };
		9E374AA0249299410082A119 /* StudentsForLessonTVCell.swift */ = {isa = PBXFileReference; lastKnownFileType = sourcecode.swift; path = StudentsForLessonTVCell.swift; sourceTree = "<group>"; };
		9E5BD562246EE9D500EB4F53 /* CheckEmailPassword.swift */ = {isa = PBXFileReference; lastKnownFileType = sourcecode.swift; path = CheckEmailPassword.swift; sourceTree = "<group>"; };
		9E5C05E6246D8BCE00EADD5C /* ServerAnswer.swift */ = {isa = PBXFileReference; lastKnownFileType = sourcecode.swift; path = ServerAnswer.swift; sourceTree = "<group>"; };
		9E5C05E8246D930700EADD5C /* LoginEndPoint.swift */ = {isa = PBXFileReference; lastKnownFileType = sourcecode.swift; path = LoginEndPoint.swift; sourceTree = "<group>"; };
		9E5C05EA246D971400EADD5C /* NetworkManagerLogin.swift */ = {isa = PBXFileReference; lastKnownFileType = sourcecode.swift; path = NetworkManagerLogin.swift; sourceTree = "<group>"; };
		9E5E8CD924A23FE9006E4751 /* CalendarNavController.swift */ = {isa = PBXFileReference; lastKnownFileType = sourcecode.swift; path = CalendarNavController.swift; sourceTree = "<group>"; };
		9E631936244F4781007DE5F1 /* MeetingCell.swift */ = {isa = PBXFileReference; lastKnownFileType = sourcecode.swift; path = MeetingCell.swift; sourceTree = "<group>"; };
		9E631938244F50B4007DE5F1 /* AddOrEditLessonTVC.swift */ = {isa = PBXFileReference; lastKnownFileType = sourcecode.swift; path = AddOrEditLessonTVC.swift; sourceTree = "<group>"; };
		9E6B56A7248B945C00042E2B /* StringExtention.swift */ = {isa = PBXFileReference; lastKnownFileType = sourcecode.swift; path = StringExtention.swift; sourceTree = "<group>"; };
		9E6B56A9248B987E00042E2B /* DateExtentions.swift */ = {isa = PBXFileReference; lastKnownFileType = sourcecode.swift; path = DateExtentions.swift; sourceTree = "<group>"; };
		9E6C0E622482E75C0099F300 /* Calendar demo.entitlements */ = {isa = PBXFileReference; lastKnownFileType = text.plist.entitlements; path = "Calendar demo.entitlements"; sourceTree = "<group>"; };
		9E7A73AB244D92AB00FA529B /* Calendar demo.app */ = {isa = PBXFileReference; explicitFileType = wrapper.application; includeInIndex = 0; path = "Calendar demo.app"; sourceTree = BUILT_PRODUCTS_DIR; };
		9E7A73AE244D92AB00FA529B /* AppDelegate.swift */ = {isa = PBXFileReference; lastKnownFileType = sourcecode.swift; path = AppDelegate.swift; sourceTree = "<group>"; };
		9E7A73B2244D92AB00FA529B /* CalendarVC.swift */ = {isa = PBXFileReference; lastKnownFileType = sourcecode.swift; path = CalendarVC.swift; sourceTree = "<group>"; };
		9E7A73B5244D92AB00FA529B /* Base */ = {isa = PBXFileReference; lastKnownFileType = file.storyboard; name = Base; path = Base.lproj/Main.storyboard; sourceTree = "<group>"; };
		9E7A73B7244D92AC00FA529B /* Assets.xcassets */ = {isa = PBXFileReference; lastKnownFileType = folder.assetcatalog; path = Assets.xcassets; sourceTree = "<group>"; };
		9E7A73BA244D92AC00FA529B /* Base */ = {isa = PBXFileReference; lastKnownFileType = file.storyboard; name = Base; path = Base.lproj/LaunchScreen.storyboard; sourceTree = "<group>"; };
		9E7A73BC244D92AC00FA529B /* Info.plist */ = {isa = PBXFileReference; lastKnownFileType = text.plist.xml; path = Info.plist; sourceTree = "<group>"; };
		9E7C1347247D45EE0095C57E /* UIImage Extentions.swift */ = {isa = PBXFileReference; lastKnownFileType = sourcecode.swift; path = "UIImage Extentions.swift"; sourceTree = "<group>"; };
		9E7C1349247D47A70095C57E /* StudentProfileTVC.swift */ = {isa = PBXFileReference; lastKnownFileType = sourcecode.swift; path = StudentProfileTVC.swift; sourceTree = "<group>"; };
		9E80D0A52453268300FECAF7 /* LessonModel.swift */ = {isa = PBXFileReference; lastKnownFileType = sourcecode.swift; path = LessonModel.swift; sourceTree = "<group>"; };
		9E80D0AB24533A9C00FECAF7 /* DayTVCell.swift */ = {isa = PBXFileReference; lastKnownFileType = sourcecode.swift; path = DayTVCell.swift; sourceTree = "<group>"; };
		9E80D0CD245470DA00FECAF7 /* DetaledDayService.swift */ = {isa = PBXFileReference; lastKnownFileType = sourcecode.swift; path = DetaledDayService.swift; sourceTree = "<group>"; };
		9E862342248BBDBF0004B3FD /* UIVewControllerExtention.swift */ = {isa = PBXFileReference; lastKnownFileType = sourcecode.swift; path = UIVewControllerExtention.swift; sourceTree = "<group>"; };
		9E86E9152493784A00FD63AA /* NotificationTVC.swift */ = {isa = PBXFileReference; lastKnownFileType = sourcecode.swift; path = NotificationTVC.swift; sourceTree = "<group>"; };
		9E86E9172493789600FD63AA /* NotificationTVCell.swift */ = {isa = PBXFileReference; lastKnownFileType = sourcecode.swift; path = NotificationTVCell.swift; sourceTree = "<group>"; };
		9E8C5F0A2494DBCF00332B61 /* LessonDetailedTVC.swift */ = {isa = PBXFileReference; lastKnownFileType = sourcecode.swift; path = LessonDetailedTVC.swift; sourceTree = "<group>"; };
		9E8C5F0C2494DE1000332B61 /* PaymentTVC.swift */ = {isa = PBXFileReference; lastKnownFileType = sourcecode.swift; path = PaymentTVC.swift; sourceTree = "<group>"; };
		9E8DDB322451E384003EC688 /* AddOrEditStudentTVC.swift */ = {isa = PBXFileReference; lastKnownFileType = sourcecode.swift; path = AddOrEditStudentTVC.swift; sourceTree = "<group>"; };
		9E8FC976244E1B6500DA0D0C /* RegisterVC.swift */ = {isa = PBXFileReference; lastKnownFileType = sourcecode.swift; path = RegisterVC.swift; sourceTree = "<group>"; };
		9E92C00024815455000B45A5 /* DisciplinesTVCell.swift */ = {isa = PBXFileReference; lastKnownFileType = sourcecode.swift; path = DisciplinesTVCell.swift; sourceTree = "<group>"; };
		9EA67386247EEDC7001B91A1 /* DisciplinesCollectionViewCell.swift */ = {isa = PBXFileReference; lastKnownFileType = sourcecode.swift; path = DisciplinesCollectionViewCell.swift; sourceTree = "<group>"; };
		9EB0356C249AAD0100F22C57 /* StatisticEndPoint.swift */ = {isa = PBXFileReference; lastKnownFileType = sourcecode.swift; path = StatisticEndPoint.swift; sourceTree = "<group>"; };
		9EB0356E249AAD0F00F22C57 /* FinaceEndPoint.swift */ = {isa = PBXFileReference; lastKnownFileType = sourcecode.swift; path = FinaceEndPoint.swift; sourceTree = "<group>"; };
		9EB03570249AAD2E00F22C57 /* NetworkManagerStatistic.swift */ = {isa = PBXFileReference; lastKnownFileType = sourcecode.swift; path = NetworkManagerStatistic.swift; sourceTree = "<group>"; };
		9EB03572249AAD3F00F22C57 /* NetworkManagerFinance.swift */ = {isa = PBXFileReference; lastKnownFileType = sourcecode.swift; path = NetworkManagerFinance.swift; sourceTree = "<group>"; };
		9EB03576249B6DDC00F22C57 /* StudentsNavController.swift */ = {isa = PBXFileReference; lastKnownFileType = sourcecode.swift; path = StudentsNavController.swift; sourceTree = "<group>"; };
		9EC155A1246D628000D2C776 /* StudentsEndPoint.swift */ = {isa = PBXFileReference; lastKnownFileType = sourcecode.swift; path = StudentsEndPoint.swift; sourceTree = "<group>"; };
		9EC155A7246D633500D2C776 /* NetworkManagerStudents.swift */ = {isa = PBXFileReference; lastKnownFileType = sourcecode.swift; path = NetworkManagerStudents.swift; sourceTree = "<group>"; };
		9EC155A9246D635500D2C776 /* EndPointType.swift */ = {isa = PBXFileReference; lastKnownFileType = sourcecode.swift; path = EndPointType.swift; sourceTree = "<group>"; };
		9EC155AB246D636700D2C776 /* Router.swift */ = {isa = PBXFileReference; lastKnownFileType = sourcecode.swift; path = Router.swift; sourceTree = "<group>"; };
		9EC155AD246D637900D2C776 /* HTTPMethod.swift */ = {isa = PBXFileReference; lastKnownFileType = sourcecode.swift; path = HTTPMethod.swift; sourceTree = "<group>"; };
		9EC155AF246D638800D2C776 /* HTTPTask.swift */ = {isa = PBXFileReference; lastKnownFileType = sourcecode.swift; path = HTTPTask.swift; sourceTree = "<group>"; };
		9EC155B1246D639600D2C776 /* NetworkLogger.swift */ = {isa = PBXFileReference; lastKnownFileType = sourcecode.swift; path = NetworkLogger.swift; sourceTree = "<group>"; };
		9EC155B3246D63AA00D2C776 /* ParameterEncoding.swift */ = {isa = PBXFileReference; lastKnownFileType = sourcecode.swift; path = ParameterEncoding.swift; sourceTree = "<group>"; };
		9EC155B5246D63C300D2C776 /* URLParameterEncoding.swift */ = {isa = PBXFileReference; lastKnownFileType = sourcecode.swift; path = URLParameterEncoding.swift; sourceTree = "<group>"; };
		9EC155B7246D63D200D2C776 /* JSONParameterEncoder.swift */ = {isa = PBXFileReference; lastKnownFileType = sourcecode.swift; path = JSONParameterEncoder.swift; sourceTree = "<group>"; };
		9EC155B9246D642B00D2C776 /* AlertService.swift */ = {isa = PBXFileReference; lastKnownFileType = sourcecode.swift; path = AlertService.swift; sourceTree = "<group>"; };
		9EC155BB246D6B2C00D2C776 /* StudentsTVCell.swift */ = {isa = PBXFileReference; lastKnownFileType = sourcecode.swift; path = StudentsTVCell.swift; sourceTree = "<group>"; };
		9ECECBEB248042740053AC78 /* DisciplinesTVC.swift */ = {isa = PBXFileReference; lastKnownFileType = sourcecode.swift; path = DisciplinesTVC.swift; sourceTree = "<group>"; };
		9ECECBEE248103E60053AC78 /* DisciplinesList.swift */ = {isa = PBXFileReference; lastKnownFileType = sourcecode.swift; path = DisciplinesList.swift; sourceTree = "<group>"; };
		9ED2EAC8247D5720001E3767 /* TF Extention.swift */ = {isa = PBXFileReference; lastKnownFileType = sourcecode.swift; path = "TF Extention.swift"; sourceTree = "<group>"; };
		9EE848AC2486924B008BABB3 /* TabBarConroller.swift */ = {isa = PBXFileReference; lastKnownFileType = sourcecode.swift; path = TabBarConroller.swift; sourceTree = "<group>"; };
		9EF22896247A67C100C1AE56 /* StartScreen.xib */ = {isa = PBXFileReference; lastKnownFileType = file.xib; path = StartScreen.xib; sourceTree = "<group>"; };
		9EF22898247A681200C1AE56 /* StartScreen.swift */ = {isa = PBXFileReference; lastKnownFileType = sourcecode.swift; path = StartScreen.swift; sourceTree = "<group>"; };
		9EF2289A247A72A300C1AE56 /* LoginStoryboard.storyboard */ = {isa = PBXFileReference; lastKnownFileType = file.storyboard; path = LoginStoryboard.storyboard; sourceTree = "<group>"; };
		9EFD254A247143C700876D48 /* LoginVC.swift */ = {isa = PBXFileReference; lastKnownFileType = sourcecode.swift; path = LoginVC.swift; sourceTree = "<group>"; };
		A08140AA01619AD5BB5287FF /* Pods_Calendar_demo.framework */ = {isa = PBXFileReference; explicitFileType = wrapper.framework; includeInIndex = 0; path = Pods_Calendar_demo.framework; sourceTree = BUILT_PRODUCTS_DIR; };
/* End PBXFileReference section */

/* Begin PBXFrameworksBuildPhase section */
		9E7A73A8244D92AB00FA529B /* Frameworks */ = {
			isa = PBXFrameworksBuildPhase;
			buildActionMask = 2147483647;
			files = (
				A59A3B1226E64E19C5930E69 /* Pods_Calendar_demo.framework in Frameworks */,
			);
			runOnlyForDeploymentPostprocessing = 0;
		};
/* End PBXFrameworksBuildPhase section */

/* Begin PBXGroup section */
		43471C8BC8F0A9880D923BF0 /* Pods */ = {
			isa = PBXGroup;
			children = (
				1FAFD638F4A42CFBE6FF146F /* Pods-Calendar demo.debug.xcconfig */,
				136BBEDCF1AAC5F1CFAEFD34 /* Pods-Calendar demo.release.xcconfig */,
			);
			path = Pods;
			sourceTree = "<group>";
		};
		9E0538AA247C0EC000AAC0AA /* Support */ = {
			isa = PBXGroup;
			children = (
				9E6B56A7248B945C00042E2B /* StringExtention.swift */,
				9EC155B9246D642B00D2C776 /* AlertService.swift */,
				9E0538AB247C0EE500AAC0AA /* UIColor+Additions.swift */,
				9E7C1347247D45EE0095C57E /* UIImage Extentions.swift */,
				9ED2EAC8247D5720001E3767 /* TF Extention.swift */,
				9E0A5E28244F39C000188CDE /* ColorsConfig.swift */,
				9ECECBEE248103E60053AC78 /* DisciplinesList.swift */,
				9E6B56A9248B987E00042E2B /* DateExtentions.swift */,
				9E862342248BBDBF0004B3FD /* UIVewControllerExtention.swift */,
			);
			path = Support;
			sourceTree = "<group>";
		};
		9E0538AF247C194C00AAC0AA /* View */ = {
			isa = PBXGroup;
			children = (
				9E0538C1247C224A00AAC0AA /* Calendar.storyboard */,
				9E374AA0249299410082A119 /* StudentsForLessonTVCell.swift */,
				9E374A9C249241CF0082A119 /* DisciplineLessonTVCell.swift */,
				9E86E9172493789600FD63AA /* NotificationTVCell.swift */,
				9E80D0AB24533A9C00FECAF7 /* DayTVCell.swift */,
			);
			path = View;
			sourceTree = "<group>";
		};
		9E0538B0247C195300AAC0AA /* Model */ = {
			isa = PBXGroup;
			children = (
				9E80D0A52453268300FECAF7 /* LessonModel.swift */,
				9E0A5E2F244F411400188CDE /* NotificationModel.swift */,
			);
			path = Model;
			sourceTree = "<group>";
		};
		9E0538B2247C196300AAC0AA /* Controller */ = {
			isa = PBXGroup;
			children = (
				9E5E8CD924A23FE9006E4751 /* CalendarNavController.swift */,
				9E0ADAA124AB8A1B0077E26D /* CalendarVC */,
				9E8C5F0A2494DBCF00332B61 /* LessonDetailedTVC.swift */,
				9E631938244F50B4007DE5F1 /* AddOrEditLessonTVC.swift */,
				9E374A9E2492896B0082A119 /* StudentsForLessonTVC.swift */,
				9E374A9A24922FA20082A119 /* DisciplinesForLessonTVC.swift */,
				9E01A2A5248E75840044AD7F /* RepeatTVC.swift */,
				9E8C5F0C2494DE1000332B61 /* PaymentTVC.swift */,
				9E86E9152493784A00FD63AA /* NotificationTVC.swift */,
			);
			path = Controller;
			sourceTree = "<group>";
		};
		9E0538BA247C1B6C00AAC0AA /* Controller */ = {
			isa = PBXGroup;
			children = (
				9E0A5E2A244F3FC200188CDE /* ProfileVC.swift */,
			);
			path = Controller;
			sourceTree = "<group>";
		};
		9E0538BB247C1B7B00AAC0AA /* View */ = {
			isa = PBXGroup;
			children = (
				9E0538BF247C1BD100AAC0AA /* Profile.storyboard */,
				9E631936244F4781007DE5F1 /* MeetingCell.swift */,
			);
			path = View;
			sourceTree = "<group>";
		};
		9E0538BC247C1B8300AAC0AA /* Service */ = {
			isa = PBXGroup;
			children = (
				9E80D0CD245470DA00FECAF7 /* DetaledDayService.swift */,
			);
			path = Service;
			sourceTree = "<group>";
		};
		9E0538BD247C1B9600AAC0AA /* Model */ = {
			isa = PBXGroup;
			children = (
			);
			path = Model;
			sourceTree = "<group>";
		};
		9E0A5E1B244F265F00188CDE /* Enter */ = {
			isa = PBXGroup;
			children = (
				9E5C05ED246D9C4C00EADD5C /* Model */,
				9EF22895247A67A000C1AE56 /* View */,
				9E5C05EC246D9C3D00EADD5C /* Controller */,
			);
			path = Enter;
			sourceTree = "<group>";
		};
		9E0A5E1C244F268900188CDE /* App */ = {
			isa = PBXGroup;
			children = (
				9EC155C2246D6F2C00D2C776 /* Controller */,
				9EC155C3246D6F5900D2C776 /* View */,
				9EC155A0246D622300D2C776 /* Network */,
				9E0538AA247C0EC000AAC0AA /* Support */,
			);
			path = App;
			sourceTree = "<group>";
		};
		9E0A5E1D244F26A500188CDE /* Calendar */ = {
			isa = PBXGroup;
			children = (
				9E0538B0247C195300AAC0AA /* Model */,
				9E0538AF247C194C00AAC0AA /* View */,
				9E0538B2247C196300AAC0AA /* Controller */,
			);
			path = Calendar;
			sourceTree = "<group>";
		};
		9E0A5E1E244F26B000188CDE /* Support */ = {
			isa = PBXGroup;
			children = (
				9E7A73B7244D92AC00FA529B /* Assets.xcassets */,
				9E7A73BC244D92AC00FA529B /* Info.plist */,
			);
			path = Support;
			sourceTree = "<group>";
		};
		9E0A5E21244F26D300188CDE /* Students */ = {
			isa = PBXGroup;
			children = (
				9EC155BE246D6D7000D2C776 /* Model */,
				9EC155BF246D6D9C00D2C776 /* View */,
				9EC155BD246D6D5900D2C776 /* Controller */,
			);
			path = Students;
			sourceTree = "<group>";
		};
		9E0A5E22244F26E800188CDE /* Finance */ = {
			isa = PBXGroup;
			children = (
				9E0538B8247C1A9E00AAC0AA /* Finance.storyboard */,
				9E0A5E26244F272F00188CDE /* FinanceVC.swift */,
			);
			path = Finance;
			sourceTree = "<group>";
		};
		9E0A5E23244F270400188CDE /* Statistics */ = {
			isa = PBXGroup;
			children = (
				9E0538B6247C1A8800AAC0AA /* Statistic.storyboard */,
				9E0A5E24244F271F00188CDE /* StatisticTVC.swift */,
			);
			path = Statistics;
			sourceTree = "<group>";
		};
		9E0A5E2C244F3FC800188CDE /* Profile */ = {
			isa = PBXGroup;
			children = (
				9E0538BD247C1B9600AAC0AA /* Model */,
				9E0538BB247C1B7B00AAC0AA /* View */,
				9E0538BA247C1B6C00AAC0AA /* Controller */,
				9E0538BC247C1B8300AAC0AA /* Service */,
			);
			path = Profile;
			sourceTree = "<group>";
		};
		9E0ADAA124AB8A1B0077E26D /* CalendarVC */ = {
			isa = PBXGroup;
			children = (
				9E7A73B2244D92AB00FA529B /* CalendarVC.swift */,
			);
			name = CalendarVC;
			sourceTree = "<group>";
		};
		9E5C05EC246D9C3D00EADD5C /* Controller */ = {
			isa = PBXGroup;
			children = (
				9E0A5E17244ED4AD00188CDE /* StartScreenVC.swift */,
				9E8FC976244E1B6500DA0D0C /* RegisterVC.swift */,
				9EFD254A247143C700876D48 /* LoginVC.swift */,
				9E5BD562246EE9D500EB4F53 /* CheckEmailPassword.swift */,
			);
			path = Controller;
			sourceTree = "<group>";
		};
		9E5C05ED246D9C4C00EADD5C /* Model */ = {
			isa = PBXGroup;
			children = (
				9E5C05E6246D8BCE00EADD5C /* ServerAnswer.swift */,
			);
			path = Model;
			sourceTree = "<group>";
		};
		9E5C05EF246D9CA900EADD5C /* EndPoint */ = {
			isa = PBXGroup;
			children = (
				9E5C05E8246D930700EADD5C /* LoginEndPoint.swift */,
				9EC155A1246D628000D2C776 /* StudentsEndPoint.swift */,
				9E3570D72488DF6D00F8F997 /* CalendarEndPoint.swift */,
				9EB0356C249AAD0100F22C57 /* StatisticEndPoint.swift */,
				9EB0356E249AAD0F00F22C57 /* FinaceEndPoint.swift */,
			);
			path = EndPoint;
			sourceTree = "<group>";
		};
		9E5C05F0246D9CB900EADD5C /* Manager */ = {
			isa = PBXGroup;
			children = (
				9E5C05EA246D971400EADD5C /* NetworkManagerLogin.swift */,
				9EC155A7246D633500D2C776 /* NetworkManagerStudents.swift */,
				9E3570D92488DFC400F8F997 /* NetworkManagerCalendar.swift */,
				9EB03570249AAD2E00F22C57 /* NetworkManagerStatistic.swift */,
				9EB03572249AAD3F00F22C57 /* NetworkManagerFinance.swift */,
			);
			path = Manager;
			sourceTree = "<group>";
		};
		9E7A73A2244D92AB00FA529B = {
			isa = PBXGroup;
			children = (
				9E7A73AD244D92AB00FA529B /* Calendar demo */,
				9E7A73AC244D92AB00FA529B /* Products */,
				43471C8BC8F0A9880D923BF0 /* Pods */,
				A518EEC00775C1CB7F1AC38D /* Frameworks */,
			);
			sourceTree = "<group>";
		};
		9E7A73AC244D92AB00FA529B /* Products */ = {
			isa = PBXGroup;
			children = (
				9E7A73AB244D92AB00FA529B /* Calendar demo.app */,
			);
			name = Products;
			sourceTree = "<group>";
		};
		9E7A73AD244D92AB00FA529B /* Calendar demo */ = {
			isa = PBXGroup;
			children = (
				9E6C0E622482E75C0099F300 /* Calendar demo.entitlements */,
				9E0A5E1C244F268900188CDE /* App */,
				9E0A5E1B244F265F00188CDE /* Enter */,
				9E0A5E2C244F3FC800188CDE /* Profile */,
				9E0A5E21244F26D300188CDE /* Students */,
				9E0A5E1D244F26A500188CDE /* Calendar */,
				9E0A5E23244F270400188CDE /* Statistics */,
				9E0A5E22244F26E800188CDE /* Finance */,
				9E0A5E1E244F26B000188CDE /* Support */,
			);
			path = "Calendar demo";
			sourceTree = "<group>";
		};
		9EC155A0246D622300D2C776 /* Network */ = {
			isa = PBXGroup;
			children = (
				9E5C05EF246D9CA900EADD5C /* EndPoint */,
				9E5C05F0246D9CB900EADD5C /* Manager */,
				9EC155A5246D62A700D2C776 /* Service */,
			);
			path = Network;
			sourceTree = "<group>";
		};
		9EC155A5246D62A700D2C776 /* Service */ = {
			isa = PBXGroup;
			children = (
				9EC155A9246D635500D2C776 /* EndPointType.swift */,
				9EC155AB246D636700D2C776 /* Router.swift */,
				9EC155AD246D637900D2C776 /* HTTPMethod.swift */,
				9EC155AF246D638800D2C776 /* HTTPTask.swift */,
				9EC155B1246D639600D2C776 /* NetworkLogger.swift */,
				9EC155A6246D62AF00D2C776 /* Encoding */,
			);
			path = Service;
			sourceTree = "<group>";
		};
		9EC155A6246D62AF00D2C776 /* Encoding */ = {
			isa = PBXGroup;
			children = (
				9EC155B3246D63AA00D2C776 /* ParameterEncoding.swift */,
				9EC155B5246D63C300D2C776 /* URLParameterEncoding.swift */,
				9EC155B7246D63D200D2C776 /* JSONParameterEncoder.swift */,
			);
			path = Encoding;
			sourceTree = "<group>";
		};
		9EC155BD246D6D5900D2C776 /* Controller */ = {
			isa = PBXGroup;
			children = (
				9EB03576249B6DDC00F22C57 /* StudentsNavController.swift */,
				9E0A5E1F244F26CE00188CDE /* StudentsListTVC.swift */,
				9E7C1349247D47A70095C57E /* StudentProfileTVC.swift */,
				9E8DDB322451E384003EC688 /* AddOrEditStudentTVC.swift */,
				9ECECBEB248042740053AC78 /* DisciplinesTVC.swift */,
			);
			name = Controller;
			sourceTree = "<group>";
		};
		9EC155BE246D6D7000D2C776 /* Model */ = {
			isa = PBXGroup;
			children = (
				9E0A5E2D244F410900188CDE /* StudentModel.swift */,
				9E1B30A7249A4C5800166117 /* ServerAnsverModel.swift */,
			);
			name = Model;
			sourceTree = "<group>";
		};
		9EC155BF246D6D9C00D2C776 /* View */ = {
			isa = PBXGroup;
			children = (
				9E0538AD247C0F7100AAC0AA /* Students.storyboard */,
				9EC155BB246D6B2C00D2C776 /* StudentsTVCell.swift */,
				9E92C00024815455000B45A5 /* DisciplinesTVCell.swift */,
				9EA67386247EEDC7001B91A1 /* DisciplinesCollectionViewCell.swift */,
			);
			name = View;
			sourceTree = "<group>";
		};
		9EC155C2246D6F2C00D2C776 /* Controller */ = {
			isa = PBXGroup;
			children = (
				9E7A73AE244D92AB00FA529B /* AppDelegate.swift */,
				9E1B30A5249A32BB00166117 /* Notifications.swift */,
				9EE848AC2486924B008BABB3 /* TabBarConroller.swift */,
			);
			path = Controller;
			sourceTree = "<group>";
		};
		9EC155C3246D6F5900D2C776 /* View */ = {
			isa = PBXGroup;
			children = (
				9E7A73B4244D92AB00FA529B /* Main.storyboard */,
				9E7A73B9244D92AC00FA529B /* LaunchScreen.storyboard */,
			);
			path = View;
			sourceTree = "<group>";
		};
		9EF22895247A67A000C1AE56 /* View */ = {
			isa = PBXGroup;
			children = (
				9EF22896247A67C100C1AE56 /* StartScreen.xib */,
				9EF22898247A681200C1AE56 /* StartScreen.swift */,
				9EF2289A247A72A300C1AE56 /* LoginStoryboard.storyboard */,
			);
			path = View;
			sourceTree = "<group>";
		};
		A518EEC00775C1CB7F1AC38D /* Frameworks */ = {
			isa = PBXGroup;
			children = (
				A08140AA01619AD5BB5287FF /* Pods_Calendar_demo.framework */,
			);
			name = Frameworks;
			sourceTree = "<group>";
		};
/* End PBXGroup section */

/* Begin PBXNativeTarget section */
		9E7A73AA244D92AB00FA529B /* Calendar demo */ = {
			isa = PBXNativeTarget;
			buildConfigurationList = 9E7A73BF244D92AC00FA529B /* Build configuration list for PBXNativeTarget "Calendar demo" */;
			buildPhases = (
				88B8CCFF6A139E5B9DC8B871 /* [CP] Check Pods Manifest.lock */,
				9E7A73A7244D92AB00FA529B /* Sources */,
				9E7A73A8244D92AB00FA529B /* Frameworks */,
				9E7A73A9244D92AB00FA529B /* Resources */,
				CD6E144607BA7A92EFF25BD2 /* [CP] Embed Pods Frameworks */,
			);
			buildRules = (
			);
			dependencies = (
			);
			name = "Calendar demo";
			productName = "Calendar demo";
			productReference = 9E7A73AB244D92AB00FA529B /* Calendar demo.app */;
			productType = "com.apple.product-type.application";
		};
/* End PBXNativeTarget section */

/* Begin PBXProject section */
		9E7A73A3244D92AB00FA529B /* Project object */ = {
			isa = PBXProject;
			attributes = {
				LastSwiftUpdateCheck = 1140;
				LastUpgradeCheck = 1140;
				ORGANIZATIONNAME = "Максим Окунеев";
				TargetAttributes = {
					9E7A73AA244D92AB00FA529B = {
						CreatedOnToolsVersion = 11.4.1;
					};
				};
			};
			buildConfigurationList = 9E7A73A6244D92AB00FA529B /* Build configuration list for PBXProject "Calendar demo" */;
			compatibilityVersion = "Xcode 9.3";
			developmentRegion = en;
			hasScannedForEncodings = 0;
			knownRegions = (
				en,
				Base,
			);
			mainGroup = 9E7A73A2244D92AB00FA529B;
			productRefGroup = 9E7A73AC244D92AB00FA529B /* Products */;
			projectDirPath = "";
			projectRoot = "";
			targets = (
				9E7A73AA244D92AB00FA529B /* Calendar demo */,
			);
		};
/* End PBXProject section */

/* Begin PBXResourcesBuildPhase section */
		9E7A73A9244D92AB00FA529B /* Resources */ = {
			isa = PBXResourcesBuildPhase;
			buildActionMask = 2147483647;
			files = (
				9E63193A244F6101007DE5F1 /* Main.storyboard in Resources */,
				9EF2289B247A72A300C1AE56 /* LoginStoryboard.storyboard in Resources */,
				9E0538C0247C1BD100AAC0AA /* Profile.storyboard in Resources */,
				9E7A73BB244D92AC00FA529B /* LaunchScreen.storyboard in Resources */,
				9E0538B7247C1A8800AAC0AA /* Statistic.storyboard in Resources */,
				9E0538AE247C0F7100AAC0AA /* Students.storyboard in Resources */,
				9EF22897247A67C100C1AE56 /* StartScreen.xib in Resources */,
				9E0538B9247C1A9E00AAC0AA /* Finance.storyboard in Resources */,
				9E0538C2247C224A00AAC0AA /* Calendar.storyboard in Resources */,
				9E7A73B8244D92AC00FA529B /* Assets.xcassets in Resources */,
			);
			runOnlyForDeploymentPostprocessing = 0;
		};
/* End PBXResourcesBuildPhase section */

/* Begin PBXShellScriptBuildPhase section */
		88B8CCFF6A139E5B9DC8B871 /* [CP] Check Pods Manifest.lock */ = {
			isa = PBXShellScriptBuildPhase;
			buildActionMask = 2147483647;
			files = (
			);
			inputFileListPaths = (
			);
			inputPaths = (
				"${PODS_PODFILE_DIR_PATH}/Podfile.lock",
				"${PODS_ROOT}/Manifest.lock",
			);
			name = "[CP] Check Pods Manifest.lock";
			outputFileListPaths = (
			);
			outputPaths = (
				"$(DERIVED_FILE_DIR)/Pods-Calendar demo-checkManifestLockResult.txt",
			);
			runOnlyForDeploymentPostprocessing = 0;
			shellPath = /bin/sh;
			shellScript = "diff \"${PODS_PODFILE_DIR_PATH}/Podfile.lock\" \"${PODS_ROOT}/Manifest.lock\" > /dev/null\nif [ $? != 0 ] ; then\n    # print error to STDERR\n    echo \"error: The sandbox is not in sync with the Podfile.lock. Run 'pod install' or update your CocoaPods installation.\" >&2\n    exit 1\nfi\n# This output is used by Xcode 'outputs' to avoid re-running this script phase.\necho \"SUCCESS\" > \"${SCRIPT_OUTPUT_FILE_0}\"\n";
			showEnvVarsInLog = 0;
		};
		CD6E144607BA7A92EFF25BD2 /* [CP] Embed Pods Frameworks */ = {
			isa = PBXShellScriptBuildPhase;
			buildActionMask = 2147483647;
			files = (
			);
			inputFileListPaths = (
				"${PODS_ROOT}/Target Support Files/Pods-Calendar demo/Pods-Calendar demo-frameworks-${CONFIGURATION}-input-files.xcfilelist",
			);
			name = "[CP] Embed Pods Frameworks";
			outputFileListPaths = (
				"${PODS_ROOT}/Target Support Files/Pods-Calendar demo/Pods-Calendar demo-frameworks-${CONFIGURATION}-output-files.xcfilelist",
			);
			runOnlyForDeploymentPostprocessing = 0;
			shellPath = /bin/sh;
			shellScript = "\"${PODS_ROOT}/Target Support Files/Pods-Calendar demo/Pods-Calendar demo-frameworks.sh\"\n";
			showEnvVarsInLog = 0;
		};
/* End PBXShellScriptBuildPhase section */

/* Begin PBXSourcesBuildPhase section */
		9E7A73A7244D92AB00FA529B /* Sources */ = {
			isa = PBXSourcesBuildPhase;
			buildActionMask = 2147483647;
			files = (
				9E1B30A6249A32BB00166117 /* Notifications.swift in Sources */,
				9E7A73B3244D92AB00FA529B /* CalendarVC.swift in Sources */,
				9EB03573249AAD3F00F22C57 /* NetworkManagerFinance.swift in Sources */,
				9E80D0A62453268300FECAF7 /* LessonModel.swift in Sources */,
				9EF22899247A681200C1AE56 /* StartScreen.swift in Sources */,
				9E0A5E30244F411400188CDE /* NotificationModel.swift in Sources */,
				9E5C05E7246D8BCE00EADD5C /* ServerAnswer.swift in Sources */,
				9ECECBEC248042740053AC78 /* DisciplinesTVC.swift in Sources */,
				9E6B56AA248B987E00042E2B /* DateExtentions.swift in Sources */,
				9E92C00124815455000B45A5 /* DisciplinesTVCell.swift in Sources */,
				9E7A73AF244D92AB00FA529B /* AppDelegate.swift in Sources */,
				9E862343248BBDBF0004B3FD /* UIVewControllerExtention.swift in Sources */,
				9E0A5E18244ED4AD00188CDE /* StartScreenVC.swift in Sources */,
				9EE848AD2486924B008BABB3 /* TabBarConroller.swift in Sources */,
				9EC155B0246D638800D2C776 /* HTTPTask.swift in Sources */,
				9E374A9D249241CF0082A119 /* DisciplineLessonTVCell.swift in Sources */,
				9EC155B6246D63C300D2C776 /* URLParameterEncoding.swift in Sources */,
				9E86E9182493789600FD63AA /* NotificationTVCell.swift in Sources */,
				9EC155BA246D642B00D2C776 /* AlertService.swift in Sources */,
				9E5E8CDA24A23FE9006E4751 /* CalendarNavController.swift in Sources */,
				9EB03577249B6DDC00F22C57 /* StudentsNavController.swift in Sources */,
				9E8C5F0D2494DE1000332B61 /* PaymentTVC.swift in Sources */,
				9E631937244F4781007DE5F1 /* MeetingCell.swift in Sources */,
				9E8C5F0B2494DBCF00332B61 /* LessonDetailedTVC.swift in Sources */,
				9EB03571249AAD2E00F22C57 /* NetworkManagerStatistic.swift in Sources */,
				9EC155A2246D628000D2C776 /* StudentsEndPoint.swift in Sources */,
				9E0A5E20244F26CE00188CDE /* StudentsListTVC.swift in Sources */,
				9EC155AA246D635500D2C776 /* EndPointType.swift in Sources */,
				9EC155B8246D63D200D2C776 /* JSONParameterEncoder.swift in Sources */,
				9E5C05EB246D971400EADD5C /* NetworkManagerLogin.swift in Sources */,
				9E0A5E2B244F3FC200188CDE /* ProfileVC.swift in Sources */,
				9E3570D82488DF6D00F8F997 /* CalendarEndPoint.swift in Sources */,
				9E631939244F50B4007DE5F1 /* AddOrEditLessonTVC.swift in Sources */,
				9E374A9B24922FA30082A119 /* DisciplinesForLessonTVC.swift in Sources */,
				9EB0356D249AAD0100F22C57 /* StatisticEndPoint.swift in Sources */,
				9E86E9162493784A00FD63AA /* NotificationTVC.swift in Sources */,
				9E1B30A8249A4C5800166117 /* ServerAnsverModel.swift in Sources */,
				9E7C134A247D47A70095C57E /* StudentProfileTVC.swift in Sources */,
				9E0A5E2E244F410900188CDE /* StudentModel.swift in Sources */,
				9E5BD563246EE9D500EB4F53 /* CheckEmailPassword.swift in Sources */,
				9E3570DA2488DFC400F8F997 /* NetworkManagerCalendar.swift in Sources */,
				9EB0356F249AAD0F00F22C57 /* FinaceEndPoint.swift in Sources */,
				9EC155A8246D633500D2C776 /* NetworkManagerStudents.swift in Sources */,
				9EC155AE246D637900D2C776 /* HTTPMethod.swift in Sources */,
				9E0A5E25244F271F00188CDE /* StatisticTVC.swift in Sources */,
				9E5C05E9246D930700EADD5C /* LoginEndPoint.swift in Sources */,
				9E8FC977244E1B6500DA0D0C /* RegisterVC.swift in Sources */,
				9E0538AC247C0EE500AAC0AA /* UIColor+Additions.swift in Sources */,
				9EC155B2246D639600D2C776 /* NetworkLogger.swift in Sources */,
				9E374AA1249299410082A119 /* StudentsForLessonTVCell.swift in Sources */,
				9E0A5E29244F39C000188CDE /* ColorsConfig.swift in Sources */,
				9EC155BC246D6B2C00D2C776 /* StudentsTVCell.swift in Sources */,
				9E8DDB332451E384003EC688 /* AddOrEditStudentTVC.swift in Sources */,
				9EC155B4246D63AA00D2C776 /* ParameterEncoding.swift in Sources */,
				9ED2EAC9247D5720001E3767 /* TF Extention.swift in Sources */,
				9E80D0CE245470DA00FECAF7 /* DetaledDayService.swift in Sources */,
				9E01A2A6248E75840044AD7F /* RepeatTVC.swift in Sources */,
				9EC155AC246D636700D2C776 /* Router.swift in Sources */,
				9E6B56A8248B945C00042E2B /* StringExtention.swift in Sources */,
				9EFD254B247143C700876D48 /* LoginVC.swift in Sources */,
				9E80D0AC24533A9C00FECAF7 /* DayTVCell.swift in Sources */,
				9EA67387247EEDC7001B91A1 /* DisciplinesCollectionViewCell.swift in Sources */,
				9E7C1348247D45EE0095C57E /* UIImage Extentions.swift in Sources */,
				9E0A5E27244F272F00188CDE /* FinanceVC.swift in Sources */,
				9E374A9F2492896B0082A119 /* StudentsForLessonTVC.swift in Sources */,
				9ECECBEF248103E60053AC78 /* DisciplinesList.swift in Sources */,
			);
			runOnlyForDeploymentPostprocessing = 0;
		};
/* End PBXSourcesBuildPhase section */

/* Begin PBXVariantGroup section */
		9E7A73B4244D92AB00FA529B /* Main.storyboard */ = {
			isa = PBXVariantGroup;
			children = (
				9E7A73B5244D92AB00FA529B /* Base */,
			);
			name = Main.storyboard;
			sourceTree = "<group>";
		};
		9E7A73B9244D92AC00FA529B /* LaunchScreen.storyboard */ = {
			isa = PBXVariantGroup;
			children = (
				9E7A73BA244D92AC00FA529B /* Base */,
			);
			name = LaunchScreen.storyboard;
			sourceTree = "<group>";
		};
/* End PBXVariantGroup section */

/* Begin XCBuildConfiguration section */
		9E7A73BD244D92AC00FA529B /* Debug */ = {
			isa = XCBuildConfiguration;
			buildSettings = {
				ALWAYS_SEARCH_USER_PATHS = NO;
				CLANG_ANALYZER_NONNULL = YES;
				CLANG_ANALYZER_NUMBER_OBJECT_CONVERSION = YES_AGGRESSIVE;
				CLANG_CXX_LANGUAGE_STANDARD = "gnu++14";
				CLANG_CXX_LIBRARY = "libc++";
				CLANG_ENABLE_MODULES = YES;
				CLANG_ENABLE_OBJC_ARC = YES;
				CLANG_ENABLE_OBJC_WEAK = YES;
				CLANG_WARN_BLOCK_CAPTURE_AUTORELEASING = YES;
				CLANG_WARN_BOOL_CONVERSION = YES;
				CLANG_WARN_COMMA = YES;
				CLANG_WARN_CONSTANT_CONVERSION = YES;
				CLANG_WARN_DEPRECATED_OBJC_IMPLEMENTATIONS = YES;
				CLANG_WARN_DIRECT_OBJC_ISA_USAGE = YES_ERROR;
				CLANG_WARN_DOCUMENTATION_COMMENTS = YES;
				CLANG_WARN_EMPTY_BODY = YES;
				CLANG_WARN_ENUM_CONVERSION = YES;
				CLANG_WARN_INFINITE_RECURSION = YES;
				CLANG_WARN_INT_CONVERSION = YES;
				CLANG_WARN_NON_LITERAL_NULL_CONVERSION = YES;
				CLANG_WARN_OBJC_IMPLICIT_RETAIN_SELF = YES;
				CLANG_WARN_OBJC_LITERAL_CONVERSION = YES;
				CLANG_WARN_OBJC_ROOT_CLASS = YES_ERROR;
				CLANG_WARN_RANGE_LOOP_ANALYSIS = YES;
				CLANG_WARN_STRICT_PROTOTYPES = YES;
				CLANG_WARN_SUSPICIOUS_MOVE = YES;
				CLANG_WARN_UNGUARDED_AVAILABILITY = YES_AGGRESSIVE;
				CLANG_WARN_UNREACHABLE_CODE = YES;
				CLANG_WARN__DUPLICATE_METHOD_MATCH = YES;
				COPY_PHASE_STRIP = NO;
				DEBUG_INFORMATION_FORMAT = dwarf;
				ENABLE_STRICT_OBJC_MSGSEND = YES;
				ENABLE_TESTABILITY = YES;
				GCC_C_LANGUAGE_STANDARD = gnu11;
				GCC_DYNAMIC_NO_PIC = NO;
				GCC_NO_COMMON_BLOCKS = YES;
				GCC_OPTIMIZATION_LEVEL = 0;
				GCC_PREPROCESSOR_DEFINITIONS = (
					"DEBUG=1",
					"$(inherited)",
				);
				GCC_WARN_64_TO_32_BIT_CONVERSION = YES;
				GCC_WARN_ABOUT_RETURN_TYPE = YES_ERROR;
				GCC_WARN_UNDECLARED_SELECTOR = YES;
				GCC_WARN_UNINITIALIZED_AUTOS = YES_AGGRESSIVE;
				GCC_WARN_UNUSED_FUNCTION = YES;
				GCC_WARN_UNUSED_VARIABLE = YES;
				IPHONEOS_DEPLOYMENT_TARGET = 13.0;
				MTL_ENABLE_DEBUG_INFO = INCLUDE_SOURCE;
				MTL_FAST_MATH = YES;
				ONLY_ACTIVE_ARCH = YES;
				SDKROOT = iphoneos;
				SWIFT_ACTIVE_COMPILATION_CONDITIONS = DEBUG;
				SWIFT_OPTIMIZATION_LEVEL = "-Onone";
			};
			name = Debug;
		};
		9E7A73BE244D92AC00FA529B /* Release */ = {
			isa = XCBuildConfiguration;
			buildSettings = {
				ALWAYS_SEARCH_USER_PATHS = NO;
				CLANG_ANALYZER_NONNULL = YES;
				CLANG_ANALYZER_NUMBER_OBJECT_CONVERSION = YES_AGGRESSIVE;
				CLANG_CXX_LANGUAGE_STANDARD = "gnu++14";
				CLANG_CXX_LIBRARY = "libc++";
				CLANG_ENABLE_MODULES = YES;
				CLANG_ENABLE_OBJC_ARC = YES;
				CLANG_ENABLE_OBJC_WEAK = YES;
				CLANG_WARN_BLOCK_CAPTURE_AUTORELEASING = YES;
				CLANG_WARN_BOOL_CONVERSION = YES;
				CLANG_WARN_COMMA = YES;
				CLANG_WARN_CONSTANT_CONVERSION = YES;
				CLANG_WARN_DEPRECATED_OBJC_IMPLEMENTATIONS = YES;
				CLANG_WARN_DIRECT_OBJC_ISA_USAGE = YES_ERROR;
				CLANG_WARN_DOCUMENTATION_COMMENTS = YES;
				CLANG_WARN_EMPTY_BODY = YES;
				CLANG_WARN_ENUM_CONVERSION = YES;
				CLANG_WARN_INFINITE_RECURSION = YES;
				CLANG_WARN_INT_CONVERSION = YES;
				CLANG_WARN_NON_LITERAL_NULL_CONVERSION = YES;
				CLANG_WARN_OBJC_IMPLICIT_RETAIN_SELF = YES;
				CLANG_WARN_OBJC_LITERAL_CONVERSION = YES;
				CLANG_WARN_OBJC_ROOT_CLASS = YES_ERROR;
				CLANG_WARN_RANGE_LOOP_ANALYSIS = YES;
				CLANG_WARN_STRICT_PROTOTYPES = YES;
				CLANG_WARN_SUSPICIOUS_MOVE = YES;
				CLANG_WARN_UNGUARDED_AVAILABILITY = YES_AGGRESSIVE;
				CLANG_WARN_UNREACHABLE_CODE = YES;
				CLANG_WARN__DUPLICATE_METHOD_MATCH = YES;
				COPY_PHASE_STRIP = NO;
				DEBUG_INFORMATION_FORMAT = "dwarf-with-dsym";
				ENABLE_NS_ASSERTIONS = NO;
				ENABLE_STRICT_OBJC_MSGSEND = YES;
				GCC_C_LANGUAGE_STANDARD = gnu11;
				GCC_NO_COMMON_BLOCKS = YES;
				GCC_WARN_64_TO_32_BIT_CONVERSION = YES;
				GCC_WARN_ABOUT_RETURN_TYPE = YES_ERROR;
				GCC_WARN_UNDECLARED_SELECTOR = YES;
				GCC_WARN_UNINITIALIZED_AUTOS = YES_AGGRESSIVE;
				GCC_WARN_UNUSED_FUNCTION = YES;
				GCC_WARN_UNUSED_VARIABLE = YES;
				IPHONEOS_DEPLOYMENT_TARGET = 13.0;
				MTL_ENABLE_DEBUG_INFO = NO;
				MTL_FAST_MATH = YES;
				SDKROOT = iphoneos;
				SWIFT_COMPILATION_MODE = wholemodule;
				SWIFT_OPTIMIZATION_LEVEL = "-O";
				VALIDATE_PRODUCT = YES;
			};
			name = Release;
		};
		9E7A73C0244D92AC00FA529B /* Debug */ = {
			isa = XCBuildConfiguration;
			baseConfigurationReference = 1FAFD638F4A42CFBE6FF146F /* Pods-Calendar demo.debug.xcconfig */;
			buildSettings = {
				ASSETCATALOG_COMPILER_APPICON_NAME = AppIcon;
				CODE_SIGN_ENTITLEMENTS = "Calendar demo/Calendar demo.entitlements";
				CODE_SIGN_STYLE = Automatic;
				DEVELOPMENT_TEAM = WJR74JV9LN;
				INFOPLIST_FILE = "$(SRCROOT)/Calendar demo/Support/Info.plist";
				IPHONEOS_DEPLOYMENT_TARGET = 12.0;
				LD_RUNPATH_SEARCH_PATHS = (
					"$(inherited)",
					"@executable_path/Frameworks",
				);
				PRODUCT_BUNDLE_IDENTIFIER = "-.Calendar-demo.Okuneev";
				PRODUCT_NAME = "$(TARGET_NAME)";
				SWIFT_VERSION = 5.0;
				TARGETED_DEVICE_FAMILY = "1,2";
			};
			name = Debug;
		};
		9E7A73C1244D92AC00FA529B /* Release */ = {
			isa = XCBuildConfiguration;
			baseConfigurationReference = 136BBEDCF1AAC5F1CFAEFD34 /* Pods-Calendar demo.release.xcconfig */;
			buildSettings = {
				ASSETCATALOG_COMPILER_APPICON_NAME = AppIcon;
				CODE_SIGN_ENTITLEMENTS = "Calendar demo/Calendar demo.entitlements";
				CODE_SIGN_STYLE = Automatic;
				DEVELOPMENT_TEAM = WJR74JV9LN;
				INFOPLIST_FILE = "$(SRCROOT)/Calendar demo/Support/Info.plist";
				IPHONEOS_DEPLOYMENT_TARGET = 12.0;
				LD_RUNPATH_SEARCH_PATHS = (
					"$(inherited)",
					"@executable_path/Frameworks",
				);
				PRODUCT_BUNDLE_IDENTIFIER = "-.Calendar-demo.Okuneev";
				PRODUCT_NAME = "$(TARGET_NAME)";
				SWIFT_VERSION = 5.0;
				TARGETED_DEVICE_FAMILY = "1,2";
			};
			name = Release;
		};
/* End XCBuildConfiguration section */

/* Begin XCConfigurationList section */
		9E7A73A6244D92AB00FA529B /* Build configuration list for PBXProject "Calendar demo" */ = {
			isa = XCConfigurationList;
			buildConfigurations = (
				9E7A73BD244D92AC00FA529B /* Debug */,
				9E7A73BE244D92AC00FA529B /* Release */,
			);
			defaultConfigurationIsVisible = 0;
			defaultConfigurationName = Release;
		};
		9E7A73BF244D92AC00FA529B /* Build configuration list for PBXNativeTarget "Calendar demo" */ = {
			isa = XCConfigurationList;
			buildConfigurations = (
				9E7A73C0244D92AC00FA529B /* Debug */,
				9E7A73C1244D92AC00FA529B /* Release */,
			);
			defaultConfigurationIsVisible = 0;
			defaultConfigurationName = Release;
		};
/* End XCConfigurationList section */
	};
	rootObject = 9E7A73A3244D92AB00FA529B /* Project object */;
}
