// !$*UTF8*$!
{
	archiveVersion = 1;
	classes = {
	};
	objectVersion = 51;
	objects = {

/* Begin PBXBuildFile section */
		9E0A5E18244ED4AD00188CDE /* LoginVC.swift in Sources */ = {isa = PBXBuildFile; fileRef = 9E0A5E17244ED4AD00188CDE /* LoginVC.swift */; };
		9E0A5E1A244ED78500188CDE /* EnterVC.swift in Sources */ = {isa = PBXBuildFile; fileRef = 9E0A5E19244ED78500188CDE /* EnterVC.swift */; };
		9E0A5E20244F26CE00188CDE /* ContactsTVC.swift in Sources */ = {isa = PBXBuildFile; fileRef = 9E0A5E1F244F26CE00188CDE /* ContactsTVC.swift */; };
		9E0A5E25244F271F00188CDE /* StatisticsVC.swift in Sources */ = {isa = PBXBuildFile; fileRef = 9E0A5E24244F271F00188CDE /* StatisticsVC.swift */; };
		9E0A5E27244F272F00188CDE /* SettingsVC.swift in Sources */ = {isa = PBXBuildFile; fileRef = 9E0A5E26244F272F00188CDE /* SettingsVC.swift */; };
		9E0A5E29244F39C000188CDE /* ColorsConfig.swift in Sources */ = {isa = PBXBuildFile; fileRef = 9E0A5E28244F39C000188CDE /* ColorsConfig.swift */; };
		9E0A5E2B244F3FC200188CDE /* DetailedDayVC.swift in Sources */ = {isa = PBXBuildFile; fileRef = 9E0A5E2A244F3FC200188CDE /* DetailedDayVC.swift */; };
		9E0A5E2E244F410900188CDE /* User.swift in Sources */ = {isa = PBXBuildFile; fileRef = 9E0A5E2D244F410900188CDE /* User.swift */; };
		9E0A5E30244F411400188CDE /* MeetingModel.swift in Sources */ = {isa = PBXBuildFile; fileRef = 9E0A5E2F244F411400188CDE /* MeetingModel.swift */; };
		9E1B583C2450960300C35165 /* Network.swift in Sources */ = {isa = PBXBuildFile; fileRef = 9E1B583B2450960300C35165 /* Network.swift */; };
		9E36D04924509EE200B3A83A /* UserService.swift in Sources */ = {isa = PBXBuildFile; fileRef = 9E36D04824509EE200B3A83A /* UserService.swift */; };
		9E631937244F4781007DE5F1 /* MeetingCell.swift in Sources */ = {isa = PBXBuildFile; fileRef = 9E631936244F4781007DE5F1 /* MeetingCell.swift */; };
		9E631939244F50B4007DE5F1 /* AddMeetingTVC.swift in Sources */ = {isa = PBXBuildFile; fileRef = 9E631938244F50B4007DE5F1 /* AddMeetingTVC.swift */; };
		9E63193A244F6101007DE5F1 /* Main.storyboard in Resources */ = {isa = PBXBuildFile; fileRef = 9E7A73B4244D92AB00FA529B /* Main.storyboard */; };
		9E7A73AF244D92AB00FA529B /* AppDelegate.swift in Sources */ = {isa = PBXBuildFile; fileRef = 9E7A73AE244D92AB00FA529B /* AppDelegate.swift */; };
		9E7A73B1244D92AB00FA529B /* SceneDelegate.swift in Sources */ = {isa = PBXBuildFile; fileRef = 9E7A73B0244D92AB00FA529B /* SceneDelegate.swift */; };
		9E7A73B3244D92AB00FA529B /* CalendarVC.swift in Sources */ = {isa = PBXBuildFile; fileRef = 9E7A73B2244D92AB00FA529B /* CalendarVC.swift */; };
		9E7A73B8244D92AC00FA529B /* Assets.xcassets in Resources */ = {isa = PBXBuildFile; fileRef = 9E7A73B7244D92AC00FA529B /* Assets.xcassets */; };
		9E7A73BB244D92AC00FA529B /* LaunchScreen.storyboard in Resources */ = {isa = PBXBuildFile; fileRef = 9E7A73B9244D92AC00FA529B /* LaunchScreen.storyboard */; };
		9E7A73C3244DE51E00FA529B /* LoginVCCode.swift in Sources */ = {isa = PBXBuildFile; fileRef = 9E7A73C2244DE51E00FA529B /* LoginVCCode.swift */; };
		9E80D0A62453268300FECAF7 /* CalendarModel.swift in Sources */ = {isa = PBXBuildFile; fileRef = 9E80D0A52453268300FECAF7 /* CalendarModel.swift */; };
		9E80D0A82453269000FECAF7 /* CalendarService.swift in Sources */ = {isa = PBXBuildFile; fileRef = 9E80D0A72453269000FECAF7 /* CalendarService.swift */; };
		9E80D0AA2453338B00FECAF7 /* DayModel.swift in Sources */ = {isa = PBXBuildFile; fileRef = 9E80D0A92453338B00FECAF7 /* DayModel.swift */; };
		9E80D0AC24533A9C00FECAF7 /* DayTVCell.swift in Sources */ = {isa = PBXBuildFile; fileRef = 9E80D0AB24533A9C00FECAF7 /* DayTVCell.swift */; };
		9E80D0CE245470DA00FECAF7 /* DetaledDayService.swift in Sources */ = {isa = PBXBuildFile; fileRef = 9E80D0CD245470DA00FECAF7 /* DetaledDayService.swift */; };
		9E8DDB332451E384003EC688 /* AddUserTVC.swift in Sources */ = {isa = PBXBuildFile; fileRef = 9E8DDB322451E384003EC688 /* AddUserTVC.swift */; };
		9E8FC977244E1B6500DA0D0C /* RegisterVC.swift in Sources */ = {isa = PBXBuildFile; fileRef = 9E8FC976244E1B6500DA0D0C /* RegisterVC.swift */; };
		A59A3B1226E64E19C5930E69 /* Pods_Calendar_demo.framework in Frameworks */ = {isa = PBXBuildFile; fileRef = A08140AA01619AD5BB5287FF /* Pods_Calendar_demo.framework */; };
/* End PBXBuildFile section */

/* Begin PBXFileReference section */
		136BBEDCF1AAC5F1CFAEFD34 /* Pods-Calendar demo.release.xcconfig */ = {isa = PBXFileReference; includeInIndex = 1; lastKnownFileType = text.xcconfig; name = "Pods-Calendar demo.release.xcconfig"; path = "Target Support Files/Pods-Calendar demo/Pods-Calendar demo.release.xcconfig"; sourceTree = "<group>"; };
		1FAFD638F4A42CFBE6FF146F /* Pods-Calendar demo.debug.xcconfig */ = {isa = PBXFileReference; includeInIndex = 1; lastKnownFileType = text.xcconfig; name = "Pods-Calendar demo.debug.xcconfig"; path = "Target Support Files/Pods-Calendar demo/Pods-Calendar demo.debug.xcconfig"; sourceTree = "<group>"; };
		9E0A5E17244ED4AD00188CDE /* LoginVC.swift */ = {isa = PBXFileReference; lastKnownFileType = sourcecode.swift; path = LoginVC.swift; sourceTree = "<group>"; };
		9E0A5E19244ED78500188CDE /* EnterVC.swift */ = {isa = PBXFileReference; lastKnownFileType = sourcecode.swift; path = EnterVC.swift; sourceTree = "<group>"; };
		9E0A5E1F244F26CE00188CDE /* ContactsTVC.swift */ = {isa = PBXFileReference; lastKnownFileType = sourcecode.swift; path = ContactsTVC.swift; sourceTree = "<group>"; };
		9E0A5E24244F271F00188CDE /* StatisticsVC.swift */ = {isa = PBXFileReference; lastKnownFileType = sourcecode.swift; path = StatisticsVC.swift; sourceTree = "<group>"; };
		9E0A5E26244F272F00188CDE /* SettingsVC.swift */ = {isa = PBXFileReference; lastKnownFileType = sourcecode.swift; path = SettingsVC.swift; sourceTree = "<group>"; };
		9E0A5E28244F39C000188CDE /* ColorsConfig.swift */ = {isa = PBXFileReference; lastKnownFileType = sourcecode.swift; path = ColorsConfig.swift; sourceTree = "<group>"; };
		9E0A5E2A244F3FC200188CDE /* DetailedDayVC.swift */ = {isa = PBXFileReference; lastKnownFileType = sourcecode.swift; path = DetailedDayVC.swift; sourceTree = "<group>"; };
		9E0A5E2D244F410900188CDE /* User.swift */ = {isa = PBXFileReference; lastKnownFileType = sourcecode.swift; path = User.swift; sourceTree = "<group>"; };
		9E0A5E2F244F411400188CDE /* MeetingModel.swift */ = {isa = PBXFileReference; lastKnownFileType = sourcecode.swift; path = MeetingModel.swift; sourceTree = "<group>"; };
		9E1B583B2450960300C35165 /* Network.swift */ = {isa = PBXFileReference; lastKnownFileType = sourcecode.swift; path = Network.swift; sourceTree = "<group>"; };
		9E36D04824509EE200B3A83A /* UserService.swift */ = {isa = PBXFileReference; lastKnownFileType = sourcecode.swift; path = UserService.swift; sourceTree = "<group>"; };
		9E631936244F4781007DE5F1 /* MeetingCell.swift */ = {isa = PBXFileReference; lastKnownFileType = sourcecode.swift; path = MeetingCell.swift; sourceTree = "<group>"; };
		9E631938244F50B4007DE5F1 /* AddMeetingTVC.swift */ = {isa = PBXFileReference; lastKnownFileType = sourcecode.swift; path = AddMeetingTVC.swift; sourceTree = "<group>"; };
		9E7A73AB244D92AB00FA529B /* Calendar demo.app */ = {isa = PBXFileReference; explicitFileType = wrapper.application; includeInIndex = 0; path = "Calendar demo.app"; sourceTree = BUILT_PRODUCTS_DIR; };
		9E7A73AE244D92AB00FA529B /* AppDelegate.swift */ = {isa = PBXFileReference; lastKnownFileType = sourcecode.swift; path = AppDelegate.swift; sourceTree = "<group>"; };
		9E7A73B0244D92AB00FA529B /* SceneDelegate.swift */ = {isa = PBXFileReference; lastKnownFileType = sourcecode.swift; path = SceneDelegate.swift; sourceTree = "<group>"; };
		9E7A73B2244D92AB00FA529B /* CalendarVC.swift */ = {isa = PBXFileReference; lastKnownFileType = sourcecode.swift; path = CalendarVC.swift; sourceTree = "<group>"; };
		9E7A73B5244D92AB00FA529B /* Base */ = {isa = PBXFileReference; lastKnownFileType = file.storyboard; name = Base; path = Base.lproj/Main.storyboard; sourceTree = "<group>"; };
		9E7A73B7244D92AC00FA529B /* Assets.xcassets */ = {isa = PBXFileReference; lastKnownFileType = folder.assetcatalog; path = Assets.xcassets; sourceTree = "<group>"; };
		9E7A73BA244D92AC00FA529B /* Base */ = {isa = PBXFileReference; lastKnownFileType = file.storyboard; name = Base; path = Base.lproj/LaunchScreen.storyboard; sourceTree = "<group>"; };
		9E7A73BC244D92AC00FA529B /* Info.plist */ = {isa = PBXFileReference; lastKnownFileType = text.plist.xml; path = Info.plist; sourceTree = "<group>"; };
		9E7A73C2244DE51E00FA529B /* LoginVCCode.swift */ = {isa = PBXFileReference; lastKnownFileType = sourcecode.swift; path = LoginVCCode.swift; sourceTree = "<group>"; };
		9E80D0A52453268300FECAF7 /* CalendarModel.swift */ = {isa = PBXFileReference; lastKnownFileType = sourcecode.swift; path = CalendarModel.swift; sourceTree = "<group>"; };
		9E80D0A72453269000FECAF7 /* CalendarService.swift */ = {isa = PBXFileReference; lastKnownFileType = sourcecode.swift; path = CalendarService.swift; sourceTree = "<group>"; };
		9E80D0A92453338B00FECAF7 /* DayModel.swift */ = {isa = PBXFileReference; lastKnownFileType = sourcecode.swift; path = DayModel.swift; sourceTree = "<group>"; };
		9E80D0AB24533A9C00FECAF7 /* DayTVCell.swift */ = {isa = PBXFileReference; lastKnownFileType = sourcecode.swift; path = DayTVCell.swift; sourceTree = "<group>"; };
		9E80D0CD245470DA00FECAF7 /* DetaledDayService.swift */ = {isa = PBXFileReference; lastKnownFileType = sourcecode.swift; path = DetaledDayService.swift; sourceTree = "<group>"; };
		9E8DDB322451E384003EC688 /* AddUserTVC.swift */ = {isa = PBXFileReference; lastKnownFileType = sourcecode.swift; path = AddUserTVC.swift; sourceTree = "<group>"; };
		9E8FC976244E1B6500DA0D0C /* RegisterVC.swift */ = {isa = PBXFileReference; lastKnownFileType = sourcecode.swift; path = RegisterVC.swift; sourceTree = "<group>"; };
		A08140AA01619AD5BB5287FF /* Pods_Calendar_demo.framework */ = {isa = PBXFileReference; explicitFileType = wrapper.framework; includeInIndex = 0; path = Pods_Calendar_demo.framework; sourceTree = BUILT_PRODUCTS_DIR; };
/* End PBXFileReference section */

/* Begin PBXFrameworksBuildPhase section */
		9E7A73A8244D92AB00FA529B /* Frameworks */ = {
			isa = PBXFrameworksBuildPhase;
			buildActionMask = 2147483647;
			files = (
				A59A3B1226E64E19C5930E69 /* Pods_Calendar_demo.framework in Frameworks */,
			);
			runOnlyForDeploymentPostprocessing = 0;
		};
/* End PBXFrameworksBuildPhase section */

/* Begin PBXGroup section */
		43471C8BC8F0A9880D923BF0 /* Pods */ = {
			isa = PBXGroup;
			children = (
				1FAFD638F4A42CFBE6FF146F /* Pods-Calendar demo.debug.xcconfig */,
				136BBEDCF1AAC5F1CFAEFD34 /* Pods-Calendar demo.release.xcconfig */,
			);
			path = Pods;
			sourceTree = "<group>";
		};
		9E0A5E1B244F265F00188CDE /* Enter */ = {
			isa = PBXGroup;
			children = (
				9E0A5E19244ED78500188CDE /* EnterVC.swift */,
				9E0A5E17244ED4AD00188CDE /* LoginVC.swift */,
				9E7A73C2244DE51E00FA529B /* LoginVCCode.swift */,
				9E8FC976244E1B6500DA0D0C /* RegisterVC.swift */,
			);
			path = Enter;
			sourceTree = "<group>";
		};
		9E0A5E1C244F268900188CDE /* App */ = {
			isa = PBXGroup;
			children = (
				9E7A73AE244D92AB00FA529B /* AppDelegate.swift */,
				9E7A73B0244D92AB00FA529B /* SceneDelegate.swift */,
				9E7A73B4244D92AB00FA529B /* Main.storyboard */,
				9E7A73B9244D92AC00FA529B /* LaunchScreen.storyboard */,
				9E1B583A245095EB00C35165 /* Network */,
			);
			path = App;
			sourceTree = "<group>";
		};
		9E0A5E1D244F26A500188CDE /* Calendar */ = {
			isa = PBXGroup;
			children = (
				9E80D0A52453268300FECAF7 /* CalendarModel.swift */,
				9E80D0A92453338B00FECAF7 /* DayModel.swift */,
				9E631938244F50B4007DE5F1 /* AddMeetingTVC.swift */,
				9E80D0AB24533A9C00FECAF7 /* DayTVCell.swift */,
				9E7A73B2244D92AB00FA529B /* CalendarVC.swift */,
				9E80D0A72453269000FECAF7 /* CalendarService.swift */,
				9E0A5E28244F39C000188CDE /* ColorsConfig.swift */,
			);
			path = Calendar;
			sourceTree = "<group>";
		};
		9E0A5E1E244F26B000188CDE /* Support */ = {
			isa = PBXGroup;
			children = (
				9E7A73B7244D92AC00FA529B /* Assets.xcassets */,
				9E7A73BC244D92AC00FA529B /* Info.plist */,
			);
			path = Support;
			sourceTree = "<group>";
		};
		9E0A5E21244F26D300188CDE /* Contacts */ = {
			isa = PBXGroup;
			children = (
				9E0A5E2D244F410900188CDE /* User.swift */,
				9E8DDB322451E384003EC688 /* AddUserTVC.swift */,
				9E0A5E1F244F26CE00188CDE /* ContactsTVC.swift */,
				9E36D04824509EE200B3A83A /* UserService.swift */,
			);
			path = Contacts;
			sourceTree = "<group>";
		};
		9E0A5E22244F26E800188CDE /* Settings */ = {
			isa = PBXGroup;
			children = (
				9E0A5E26244F272F00188CDE /* SettingsVC.swift */,
			);
			path = Settings;
			sourceTree = "<group>";
		};
		9E0A5E23244F270400188CDE /* Statistics */ = {
			isa = PBXGroup;
			children = (
				9E0A5E24244F271F00188CDE /* StatisticsVC.swift */,
			);
			path = Statistics;
			sourceTree = "<group>";
		};
		9E0A5E2C244F3FC800188CDE /* DetailedDay */ = {
			isa = PBXGroup;
			children = (
				9E0A5E2F244F411400188CDE /* MeetingModel.swift */,
				9E0A5E2A244F3FC200188CDE /* DetailedDayVC.swift */,
				9E631936244F4781007DE5F1 /* MeetingCell.swift */,
				9E80D0CD245470DA00FECAF7 /* DetaledDayService.swift */,
			);
			path = DetailedDay;
			sourceTree = "<group>";
		};
		9E1B583A245095EB00C35165 /* Network */ = {
			isa = PBXGroup;
			children = (
				9E1B583B2450960300C35165 /* Network.swift */,
			);
			path = Network;
			sourceTree = "<group>";
		};
		9E7A73A2244D92AB00FA529B = {
			isa = PBXGroup;
			children = (
				9E7A73AD244D92AB00FA529B /* Calendar demo */,
				9E7A73AC244D92AB00FA529B /* Products */,
				43471C8BC8F0A9880D923BF0 /* Pods */,
				A518EEC00775C1CB7F1AC38D /* Frameworks */,
			);
			sourceTree = "<group>";
		};
		9E7A73AC244D92AB00FA529B /* Products */ = {
			isa = PBXGroup;
			children = (
				9E7A73AB244D92AB00FA529B /* Calendar demo.app */,
			);
			name = Products;
			sourceTree = "<group>";
		};
		9E7A73AD244D92AB00FA529B /* Calendar demo */ = {
			isa = PBXGroup;
			children = (
				9E0A5E1C244F268900188CDE /* App */,
				9E0A5E2C244F3FC800188CDE /* DetailedDay */,
				9E0A5E1D244F26A500188CDE /* Calendar */,
				9E0A5E1B244F265F00188CDE /* Enter */,
				9E0A5E21244F26D300188CDE /* Contacts */,
				9E0A5E22244F26E800188CDE /* Settings */,
				9E0A5E23244F270400188CDE /* Statistics */,
				9E0A5E1E244F26B000188CDE /* Support */,
			);
			path = "Calendar demo";
			sourceTree = "<group>";
		};
		A518EEC00775C1CB7F1AC38D /* Frameworks */ = {
			isa = PBXGroup;
			children = (
				A08140AA01619AD5BB5287FF /* Pods_Calendar_demo.framework */,
			);
			name = Frameworks;
			sourceTree = "<group>";
		};
/* End PBXGroup section */

/* Begin PBXNativeTarget section */
		9E7A73AA244D92AB00FA529B /* Calendar demo */ = {
			isa = PBXNativeTarget;
			buildConfigurationList = 9E7A73BF244D92AC00FA529B /* Build configuration list for PBXNativeTarget "Calendar demo" */;
			buildPhases = (
				88B8CCFF6A139E5B9DC8B871 /* [CP] Check Pods Manifest.lock */,
				9E7A73A7244D92AB00FA529B /* Sources */,
				9E7A73A8244D92AB00FA529B /* Frameworks */,
				9E7A73A9244D92AB00FA529B /* Resources */,
				CD6E144607BA7A92EFF25BD2 /* [CP] Embed Pods Frameworks */,
			);
			buildRules = (
			);
			dependencies = (
			);
			name = "Calendar demo";
			productName = "Calendar demo";
			productReference = 9E7A73AB244D92AB00FA529B /* Calendar demo.app */;
			productType = "com.apple.product-type.application";
		};
/* End PBXNativeTarget section */

/* Begin PBXProject section */
		9E7A73A3244D92AB00FA529B /* Project object */ = {
			isa = PBXProject;
			attributes = {
				LastSwiftUpdateCheck = 1140;
				LastUpgradeCheck = 1140;
				ORGANIZATIONNAME = "Максим Окунеев";
				TargetAttributes = {
					9E7A73AA244D92AB00FA529B = {
						CreatedOnToolsVersion = 11.4.1;
					};
				};
			};
			buildConfigurationList = 9E7A73A6244D92AB00FA529B /* Build configuration list for PBXProject "Calendar demo" */;
			compatibilityVersion = "Xcode 9.3";
			developmentRegion = en;
			hasScannedForEncodings = 0;
			knownRegions = (
				en,
				Base,
			);
			mainGroup = 9E7A73A2244D92AB00FA529B;
			productRefGroup = 9E7A73AC244D92AB00FA529B /* Products */;
			projectDirPath = "";
			projectRoot = "";
			targets = (
				9E7A73AA244D92AB00FA529B /* Calendar demo */,
			);
		};
/* End PBXProject section */

/* Begin PBXResourcesBuildPhase section */
		9E7A73A9244D92AB00FA529B /* Resources */ = {
			isa = PBXResourcesBuildPhase;
			buildActionMask = 2147483647;
			files = (
				9E63193A244F6101007DE5F1 /* Main.storyboard in Resources */,
				9E7A73BB244D92AC00FA529B /* LaunchScreen.storyboard in Resources */,
				9E7A73B8244D92AC00FA529B /* Assets.xcassets in Resources */,
			);
			runOnlyForDeploymentPostprocessing = 0;
		};
/* End PBXResourcesBuildPhase section */

/* Begin PBXShellScriptBuildPhase section */
		88B8CCFF6A139E5B9DC8B871 /* [CP] Check Pods Manifest.lock */ = {
			isa = PBXShellScriptBuildPhase;
			buildActionMask = 2147483647;
			files = (
			);
			inputFileListPaths = (
			);
			inputPaths = (
				"${PODS_PODFILE_DIR_PATH}/Podfile.lock",
				"${PODS_ROOT}/Manifest.lock",
			);
			name = "[CP] Check Pods Manifest.lock";
			outputFileListPaths = (
			);
			outputPaths = (
				"$(DERIVED_FILE_DIR)/Pods-Calendar demo-checkManifestLockResult.txt",
			);
			runOnlyForDeploymentPostprocessing = 0;
			shellPath = /bin/sh;
			shellScript = "diff \"${PODS_PODFILE_DIR_PATH}/Podfile.lock\" \"${PODS_ROOT}/Manifest.lock\" > /dev/null\nif [ $? != 0 ] ; then\n    # print error to STDERR\n    echo \"error: The sandbox is not in sync with the Podfile.lock. Run 'pod install' or update your CocoaPods installation.\" >&2\n    exit 1\nfi\n# This output is used by Xcode 'outputs' to avoid re-running this script phase.\necho \"SUCCESS\" > \"${SCRIPT_OUTPUT_FILE_0}\"\n";
			showEnvVarsInLog = 0;
		};
		CD6E144607BA7A92EFF25BD2 /* [CP] Embed Pods Frameworks */ = {
			isa = PBXShellScriptBuildPhase;
			buildActionMask = 2147483647;
			files = (
			);
			inputFileListPaths = (
				"${PODS_ROOT}/Target Support Files/Pods-Calendar demo/Pods-Calendar demo-frameworks-${CONFIGURATION}-input-files.xcfilelist",
			);
			name = "[CP] Embed Pods Frameworks";
			outputFileListPaths = (
				"${PODS_ROOT}/Target Support Files/Pods-Calendar demo/Pods-Calendar demo-frameworks-${CONFIGURATION}-output-files.xcfilelist",
			);
			runOnlyForDeploymentPostprocessing = 0;
			shellPath = /bin/sh;
			shellScript = "\"${PODS_ROOT}/Target Support Files/Pods-Calendar demo/Pods-Calendar demo-frameworks.sh\"\n";
			showEnvVarsInLog = 0;
		};
/* End PBXShellScriptBuildPhase section */

/* Begin PBXSourcesBuildPhase section */
		9E7A73A7244D92AB00FA529B /* Sources */ = {
			isa = PBXSourcesBuildPhase;
			buildActionMask = 2147483647;
			files = (
				9E7A73B3244D92AB00FA529B /* CalendarVC.swift in Sources */,
				9E80D0A62453268300FECAF7 /* CalendarModel.swift in Sources */,
				9E0A5E30244F411400188CDE /* MeetingModel.swift in Sources */,
				9E36D04924509EE200B3A83A /* UserService.swift in Sources */,
				9E7A73AF244D92AB00FA529B /* AppDelegate.swift in Sources */,
				9E0A5E18244ED4AD00188CDE /* LoginVC.swift in Sources */,
				9E631937244F4781007DE5F1 /* MeetingCell.swift in Sources */,
				9E0A5E20244F26CE00188CDE /* ContactsTVC.swift in Sources */,
				9E7A73C3244DE51E00FA529B /* LoginVCCode.swift in Sources */,
				9E0A5E2B244F3FC200188CDE /* DetailedDayVC.swift in Sources */,
				9E631939244F50B4007DE5F1 /* AddMeetingTVC.swift in Sources */,
				9E0A5E2E244F410900188CDE /* User.swift in Sources */,
				9E80D0AA2453338B00FECAF7 /* DayModel.swift in Sources */,
				9E1B583C2450960300C35165 /* Network.swift in Sources */,
				9E0A5E25244F271F00188CDE /* StatisticsVC.swift in Sources */,
				9E7A73B1244D92AB00FA529B /* SceneDelegate.swift in Sources */,
				9E0A5E1A244ED78500188CDE /* EnterVC.swift in Sources */,
				9E8FC977244E1B6500DA0D0C /* RegisterVC.swift in Sources */,
				9E0A5E29244F39C000188CDE /* ColorsConfig.swift in Sources */,
				9E8DDB332451E384003EC688 /* AddUserTVC.swift in Sources */,
				9E80D0CE245470DA00FECAF7 /* DetaledDayService.swift in Sources */,
				9E80D0AC24533A9C00FECAF7 /* DayTVCell.swift in Sources */,
				9E80D0A82453269000FECAF7 /* CalendarService.swift in Sources */,
				9E0A5E27244F272F00188CDE /* SettingsVC.swift in Sources */,
			);
			runOnlyForDeploymentPostprocessing = 0;
		};
/* End PBXSourcesBuildPhase section */

/* Begin PBXVariantGroup section */
		9E7A73B4244D92AB00FA529B /* Main.storyboard */ = {
			isa = PBXVariantGroup;
			children = (
				9E7A73B5244D92AB00FA529B /* Base */,
			);
			name = Main.storyboard;
			sourceTree = "<group>";
		};
		9E7A73B9244D92AC00FA529B /* LaunchScreen.storyboard */ = {
			isa = PBXVariantGroup;
			children = (
				9E7A73BA244D92AC00FA529B /* Base */,
			);
			name = LaunchScreen.storyboard;
			sourceTree = "<group>";
		};
/* End PBXVariantGroup section */

/* Begin XCBuildConfiguration section */
		9E7A73BD244D92AC00FA529B /* Debug */ = {
			isa = XCBuildConfiguration;
			buildSettings = {
				ALWAYS_SEARCH_USER_PATHS = NO;
				CLANG_ANALYZER_NONNULL = YES;
				CLANG_ANALYZER_NUMBER_OBJECT_CONVERSION = YES_AGGRESSIVE;
				CLANG_CXX_LANGUAGE_STANDARD = "gnu++14";
				CLANG_CXX_LIBRARY = "libc++";
				CLANG_ENABLE_MODULES = YES;
				CLANG_ENABLE_OBJC_ARC = YES;
				CLANG_ENABLE_OBJC_WEAK = YES;
				CLANG_WARN_BLOCK_CAPTURE_AUTORELEASING = YES;
				CLANG_WARN_BOOL_CONVERSION = YES;
				CLANG_WARN_COMMA = YES;
				CLANG_WARN_CONSTANT_CONVERSION = YES;
				CLANG_WARN_DEPRECATED_OBJC_IMPLEMENTATIONS = YES;
				CLANG_WARN_DIRECT_OBJC_ISA_USAGE = YES_ERROR;
				CLANG_WARN_DOCUMENTATION_COMMENTS = YES;
				CLANG_WARN_EMPTY_BODY = YES;
				CLANG_WARN_ENUM_CONVERSION = YES;
				CLANG_WARN_INFINITE_RECURSION = YES;
				CLANG_WARN_INT_CONVERSION = YES;
				CLANG_WARN_NON_LITERAL_NULL_CONVERSION = YES;
				CLANG_WARN_OBJC_IMPLICIT_RETAIN_SELF = YES;
				CLANG_WARN_OBJC_LITERAL_CONVERSION = YES;
				CLANG_WARN_OBJC_ROOT_CLASS = YES_ERROR;
				CLANG_WARN_RANGE_LOOP_ANALYSIS = YES;
				CLANG_WARN_STRICT_PROTOTYPES = YES;
				CLANG_WARN_SUSPICIOUS_MOVE = YES;
				CLANG_WARN_UNGUARDED_AVAILABILITY = YES_AGGRESSIVE;
				CLANG_WARN_UNREACHABLE_CODE = YES;
				CLANG_WARN__DUPLICATE_METHOD_MATCH = YES;
				COPY_PHASE_STRIP = NO;
				DEBUG_INFORMATION_FORMAT = dwarf;
				ENABLE_STRICT_OBJC_MSGSEND = YES;
				ENABLE_TESTABILITY = YES;
				GCC_C_LANGUAGE_STANDARD = gnu11;
				GCC_DYNAMIC_NO_PIC = NO;
				GCC_NO_COMMON_BLOCKS = YES;
				GCC_OPTIMIZATION_LEVEL = 0;
				GCC_PREPROCESSOR_DEFINITIONS = (
					"DEBUG=1",
					"$(inherited)",
				);
				GCC_WARN_64_TO_32_BIT_CONVERSION = YES;
				GCC_WARN_ABOUT_RETURN_TYPE = YES_ERROR;
				GCC_WARN_UNDECLARED_SELECTOR = YES;
				GCC_WARN_UNINITIALIZED_AUTOS = YES_AGGRESSIVE;
				GCC_WARN_UNUSED_FUNCTION = YES;
				GCC_WARN_UNUSED_VARIABLE = YES;
				IPHONEOS_DEPLOYMENT_TARGET = 13.4;
				MTL_ENABLE_DEBUG_INFO = INCLUDE_SOURCE;
				MTL_FAST_MATH = YES;
				ONLY_ACTIVE_ARCH = YES;
				SDKROOT = iphoneos;
				SWIFT_ACTIVE_COMPILATION_CONDITIONS = DEBUG;
				SWIFT_OPTIMIZATION_LEVEL = "-Onone";
			};
			name = Debug;
		};
		9E7A73BE244D92AC00FA529B /* Release */ = {
			isa = XCBuildConfiguration;
			buildSettings = {
				ALWAYS_SEARCH_USER_PATHS = NO;
				CLANG_ANALYZER_NONNULL = YES;
				CLANG_ANALYZER_NUMBER_OBJECT_CONVERSION = YES_AGGRESSIVE;
				CLANG_CXX_LANGUAGE_STANDARD = "gnu++14";
				CLANG_CXX_LIBRARY = "libc++";
				CLANG_ENABLE_MODULES = YES;
				CLANG_ENABLE_OBJC_ARC = YES;
				CLANG_ENABLE_OBJC_WEAK = YES;
				CLANG_WARN_BLOCK_CAPTURE_AUTORELEASING = YES;
				CLANG_WARN_BOOL_CONVERSION = YES;
				CLANG_WARN_COMMA = YES;
				CLANG_WARN_CONSTANT_CONVERSION = YES;
				CLANG_WARN_DEPRECATED_OBJC_IMPLEMENTATIONS = YES;
				CLANG_WARN_DIRECT_OBJC_ISA_USAGE = YES_ERROR;
				CLANG_WARN_DOCUMENTATION_COMMENTS = YES;
				CLANG_WARN_EMPTY_BODY = YES;
				CLANG_WARN_ENUM_CONVERSION = YES;
				CLANG_WARN_INFINITE_RECURSION = YES;
				CLANG_WARN_INT_CONVERSION = YES;
				CLANG_WARN_NON_LITERAL_NULL_CONVERSION = YES;
				CLANG_WARN_OBJC_IMPLICIT_RETAIN_SELF = YES;
				CLANG_WARN_OBJC_LITERAL_CONVERSION = YES;
				CLANG_WARN_OBJC_ROOT_CLASS = YES_ERROR;
				CLANG_WARN_RANGE_LOOP_ANALYSIS = YES;
				CLANG_WARN_STRICT_PROTOTYPES = YES;
				CLANG_WARN_SUSPICIOUS_MOVE = YES;
				CLANG_WARN_UNGUARDED_AVAILABILITY = YES_AGGRESSIVE;
				CLANG_WARN_UNREACHABLE_CODE = YES;
				CLANG_WARN__DUPLICATE_METHOD_MATCH = YES;
				COPY_PHASE_STRIP = NO;
				DEBUG_INFORMATION_FORMAT = "dwarf-with-dsym";
				ENABLE_NS_ASSERTIONS = NO;
				ENABLE_STRICT_OBJC_MSGSEND = YES;
				GCC_C_LANGUAGE_STANDARD = gnu11;
				GCC_NO_COMMON_BLOCKS = YES;
				GCC_WARN_64_TO_32_BIT_CONVERSION = YES;
				GCC_WARN_ABOUT_RETURN_TYPE = YES_ERROR;
				GCC_WARN_UNDECLARED_SELECTOR = YES;
				GCC_WARN_UNINITIALIZED_AUTOS = YES_AGGRESSIVE;
				GCC_WARN_UNUSED_FUNCTION = YES;
				GCC_WARN_UNUSED_VARIABLE = YES;
				IPHONEOS_DEPLOYMENT_TARGET = 13.4;
				MTL_ENABLE_DEBUG_INFO = NO;
				MTL_FAST_MATH = YES;
				SDKROOT = iphoneos;
				SWIFT_COMPILATION_MODE = wholemodule;
				SWIFT_OPTIMIZATION_LEVEL = "-O";
				VALIDATE_PRODUCT = YES;
			};
			name = Release;
		};
		9E7A73C0244D92AC00FA529B /* Debug */ = {
			isa = XCBuildConfiguration;
			baseConfigurationReference = 1FAFD638F4A42CFBE6FF146F /* Pods-Calendar demo.debug.xcconfig */;
			buildSettings = {
				ASSETCATALOG_COMPILER_APPICON_NAME = AppIcon;
				CODE_SIGN_STYLE = Automatic;
				DEVELOPMENT_TEAM = WJR74JV9LN;
				INFOPLIST_FILE = "$(SRCROOT)/Calendar demo/Support/Info.plist";
				IPHONEOS_DEPLOYMENT_TARGET = 13.0;
				LD_RUNPATH_SEARCH_PATHS = (
					"$(inherited)",
					"@executable_path/Frameworks",
				);
				PRODUCT_BUNDLE_IDENTIFIER = "-.Calendar-demo";
				PRODUCT_NAME = "$(TARGET_NAME)";
				SWIFT_VERSION = 5.0;
				TARGETED_DEVICE_FAMILY = "1,2";
			};
			name = Debug;
		};
		9E7A73C1244D92AC00FA529B /* Release */ = {
			isa = XCBuildConfiguration;
			baseConfigurationReference = 136BBEDCF1AAC5F1CFAEFD34 /* Pods-Calendar demo.release.xcconfig */;
			buildSettings = {
				ASSETCATALOG_COMPILER_APPICON_NAME = AppIcon;
				CODE_SIGN_STYLE = Automatic;
				DEVELOPMENT_TEAM = WJR74JV9LN;
				INFOPLIST_FILE = "$(SRCROOT)/Calendar demo/Support/Info.plist";
				IPHONEOS_DEPLOYMENT_TARGET = 13.0;
				LD_RUNPATH_SEARCH_PATHS = (
					"$(inherited)",
					"@executable_path/Frameworks",
				);
				PRODUCT_BUNDLE_IDENTIFIER = "-.Calendar-demo";
				PRODUCT_NAME = "$(TARGET_NAME)";
				SWIFT_VERSION = 5.0;
				TARGETED_DEVICE_FAMILY = "1,2";
			};
			name = Release;
		};
/* End XCBuildConfiguration section */

/* Begin XCConfigurationList section */
		9E7A73A6244D92AB00FA529B /* Build configuration list for PBXProject "Calendar demo" */ = {
			isa = XCConfigurationList;
			buildConfigurations = (
				9E7A73BD244D92AC00FA529B /* Debug */,
				9E7A73BE244D92AC00FA529B /* Release */,
			);
			defaultConfigurationIsVisible = 0;
			defaultConfigurationName = Release;
		};
		9E7A73BF244D92AC00FA529B /* Build configuration list for PBXNativeTarget "Calendar demo" */ = {
			isa = XCConfigurationList;
			buildConfigurations = (
				9E7A73C0244D92AC00FA529B /* Debug */,
				9E7A73C1244D92AC00FA529B /* Release */,
			);
			defaultConfigurationIsVisible = 0;
			defaultConfigurationName = Release;
		};
/* End XCConfigurationList section */
	};
	rootObject = 9E7A73A3244D92AB00FA529B /* Project object */;
}
